// !$*UTF8*$!
{
	archiveVersion = 1;
	classes = {
	};
	objectVersion = 46;
	objects = {

/* Begin PBXBuildFile section */
		84037CDA1612F00A00717FC3 /* RTTTrafficTTSPlayRecord.m in Sources */ = {isa = PBXBuildFile; fileRef = 84037CD91612F00A00717FC3 /* RTTTrafficTTSPlayRecord.m */; };
		840524281648EA79009FBC54 /* CrossLogoV1.png in Resources */ = {isa = PBXBuildFile; fileRef = 840524261648EA77009FBC54 /* CrossLogoV1.png */; };
		840524291648EA79009FBC54 /* CrossLogoV1@2x.png in Resources */ = {isa = PBXBuildFile; fileRef = 840524271648EA78009FBC54 /* CrossLogoV1@2x.png */; };
		841662EC163B78E6001CCFC9 /* closeBTN.png in Resources */ = {isa = PBXBuildFile; fileRef = 841662EA163B78E6001CCFC9 /* closeBTN.png */; };
		841662ED163B78E6001CCFC9 /* closeBTN@2x.png in Resources */ = {isa = PBXBuildFile; fileRef = 841662EB163B78E6001CCFC9 /* closeBTN@2x.png */; };
		841CE787163A74090002FDDA /* RTTSearchBar.xib in Resources */ = {isa = PBXBuildFile; fileRef = 841CE786163A74080002FDDA /* RTTSearchBar.xib */; };
		841CE78A163A793A0002FDDA /* RTTSearchBarView.m in Sources */ = {isa = PBXBuildFile; fileRef = 841CE789163A793A0002FDDA /* RTTSearchBarView.m */; };
		841EF8D315D4A0F70067ED4A /* Tss.pb.m in Sources */ = {isa = PBXBuildFile; fileRef = 841EF8D215D4A0F70067ED4A /* Tss.pb.m */; settings = {COMPILER_FLAGS = "-fno-objc-arc"; }; };
		8426DFCC1640C12500A5F5D3 /* RTTTrafficContainer.mm in Sources */ = {isa = PBXBuildFile; fileRef = 8426DFCB1640C12500A5F5D3 /* RTTTrafficContainer.mm */; };
		8426DFCF1640C15700A5F5D3 /* RTTRouteContainer.m in Sources */ = {isa = PBXBuildFile; fileRef = 8426DFCE1640C15700A5F5D3 /* RTTRouteContainer.m */; };
		8426DFD51640C81B00A5F5D3 /* RTTMapKit.mm in Sources */ = {isa = PBXBuildFile; fileRef = 8426DFD41640C81B00A5F5D3 /* RTTMapKit.mm */; };
		8437729615C9159300F807FD /* UIKit.framework in Frameworks */ = {isa = PBXBuildFile; fileRef = 8437729515C9159300F807FD /* UIKit.framework */; };
		8437729815C9159300F807FD /* Foundation.framework in Frameworks */ = {isa = PBXBuildFile; fileRef = 8437729715C9159300F807FD /* Foundation.framework */; };
		8437729A15C9159300F807FD /* CoreGraphics.framework in Frameworks */ = {isa = PBXBuildFile; fileRef = 8437729915C9159300F807FD /* CoreGraphics.framework */; };
		843772A015C9159300F807FD /* InfoPlist.strings in Resources */ = {isa = PBXBuildFile; fileRef = 8437729E15C9159300F807FD /* InfoPlist.strings */; };
		843772A215C9159300F807FD /* main.m in Sources */ = {isa = PBXBuildFile; fileRef = 843772A115C9159300F807FD /* main.m */; };
		843772A615C9159300F807FD /* RTTAppDelegate.m in Sources */ = {isa = PBXBuildFile; fileRef = 843772A515C9159300F807FD /* RTTAppDelegate.m */; };
		843772A915C9159300F807FD /* RTTViewController.mm in Sources */ = {isa = PBXBuildFile; fileRef = 843772A815C9159300F807FD /* RTTViewController.mm */; };
		843772AC15C9159400F807FD /* RTTViewController.xib in Resources */ = {isa = PBXBuildFile; fileRef = 843772AA15C9159400F807FD /* RTTViewController.xib */; };
		84466BDC15EA92BD00361BBA /* AccountLogo.png in Resources */ = {isa = PBXBuildFile; fileRef = 84466BDA15EA92BD00361BBA /* AccountLogo.png */; };
		84466BDD15EA92BD00361BBA /* AccountLogo@2x.png in Resources */ = {isa = PBXBuildFile; fileRef = 84466BDB15EA92BD00361BBA /* AccountLogo@2x.png */; };
		8453179015D4C965001C5F27 /* libProtocolBuffers.a in Frameworks */ = {isa = PBXBuildFile; fileRef = 8453178915D4C8DA001C5F27 /* libProtocolBuffers.a */; };
		8453179F15D4D971001C5F27 /* RttGOprRcvTSS.m in Sources */ = {isa = PBXBuildFile; fileRef = 8453179E15D4D971001C5F27 /* RttGOprRcvTSS.m */; };
		845317A315D4F239001C5F27 /* mapapi.bundle in Resources */ = {isa = PBXBuildFile; fileRef = 845317A215D4F239001C5F27 /* mapapi.bundle */; };
		845317A715D4FDCF001C5F27 /* RTTMapPointSettingViewController.m in Sources */ = {isa = PBXBuildFile; fileRef = 845317A515D4FDCF001C5F27 /* RTTMapPointSettingViewController.m */; };
		845317A815D4FDCF001C5F27 /* RTTMapPointSettingViewController.xib in Resources */ = {isa = PBXBuildFile; fileRef = 845317A615D4FDCF001C5F27 /* RTTMapPointSettingViewController.xib */; };
		845B1E3D15ECEEF000AD7CCE /* trafficBTNv3.png in Resources */ = {isa = PBXBuildFile; fileRef = 845B1E3B15ECEEF000AD7CCE /* trafficBTNv3.png */; };
		845B1E3E15ECEEF000AD7CCE /* trafficBTNv3@2x.png in Resources */ = {isa = PBXBuildFile; fileRef = 845B1E3C15ECEEF000AD7CCE /* trafficBTNv3@2x.png */; };
		84640D3215CA2A6500F06CE9 /* BaiduMapApi_Lib_iOS_1.2.1 in Resources */ = {isa = PBXBuildFile; fileRef = 84640D3115CA2A6500F06CE9 /* BaiduMapApi_Lib_iOS_1.2.1 */; };
		84640D3415CA308A00F06CE9 /* CoreLocation.framework in Frameworks */ = {isa = PBXBuildFile; fileRef = 84640D3315CA308A00F06CE9 /* CoreLocation.framework */; };
		84640D3615CA309C00F06CE9 /* QuartzCore.framework in Frameworks */ = {isa = PBXBuildFile; fileRef = 84640D3515CA309C00F06CE9 /* QuartzCore.framework */; };
		84640D4915CA354D00F06CE9 /* RTTMapView.mm in Sources */ = {isa = PBXBuildFile; fileRef = 84640D4815CA354D00F06CE9 /* RTTMapView.mm */; };
		84640D4C15CA536200F06CE9 /* ZMQ in Resources */ = {isa = PBXBuildFile; fileRef = 84640D4B15CA536200F06CE9 /* ZMQ */; };
		846F7DD015F6F26000BD0B12 /* RTTComm4TSS.m in Sources */ = {isa = PBXBuildFile; fileRef = 846F7DCF15F6F26000BD0B12 /* RTTComm4TSS.m */; };
		847BCBB915FDE48400D50D67 /* Instro-1.png in Resources */ = {isa = PBXBuildFile; fileRef = 847BCBB115FDE48400D50D67 /* Instro-1.png */; };
		847BCBBA15FDE48400D50D67 /* Instro-1@2x.png in Resources */ = {isa = PBXBuildFile; fileRef = 847BCBB215FDE48400D50D67 /* Instro-1@2x.png */; };
		847BCBBB15FDE48400D50D67 /* Instro-2.png in Resources */ = {isa = PBXBuildFile; fileRef = 847BCBB315FDE48400D50D67 /* Instro-2.png */; };
		847BCBBC15FDE48400D50D67 /* Instro-2@2x.png in Resources */ = {isa = PBXBuildFile; fileRef = 847BCBB415FDE48400D50D67 /* Instro-2@2x.png */; };
		847BCBBD15FDE48400D50D67 /* Instro-3.png in Resources */ = {isa = PBXBuildFile; fileRef = 847BCBB515FDE48400D50D67 /* Instro-3.png */; };
		847BCBBE15FDE48400D50D67 /* Instro-3@2x.png in Resources */ = {isa = PBXBuildFile; fileRef = 847BCBB615FDE48400D50D67 /* Instro-3@2x.png */; };
		847BCBBF15FDE48400D50D67 /* Instro-4.png in Resources */ = {isa = PBXBuildFile; fileRef = 847BCBB715FDE48400D50D67 /* Instro-4.png */; };
		847BCBC015FDE48400D50D67 /* Instro-4@2x.png in Resources */ = {isa = PBXBuildFile; fileRef = 847BCBB815FDE48400D50D67 /* Instro-4@2x.png */; };
		847BCBC315FDEC7C00D50D67 /* BegintoUse.png in Resources */ = {isa = PBXBuildFile; fileRef = 847BCBC115FDEC7C00D50D67 /* BegintoUse.png */; };
		847BCBC415FDEC7C00D50D67 /* BegintoUse@2x.png in Resources */ = {isa = PBXBuildFile; fileRef = 847BCBC215FDEC7C00D50D67 /* BegintoUse@2x.png */; };
		847BCBC715FF0E4100D50D67 /* Staruppage.png in Resources */ = {isa = PBXBuildFile; fileRef = 847BCBC515FF0E4100D50D67 /* Staruppage.png */; };
		847BCBC815FF0E4100D50D67 /* Staruppage@2x.png in Resources */ = {isa = PBXBuildFile; fileRef = 847BCBC615FF0E4100D50D67 /* Staruppage@2x.png */; };
		849C5359163BBD4300B4E2B9 /* RTTPrefSettingViewController.m in Sources */ = {isa = PBXBuildFile; fileRef = 849C5357163BBD4300B4E2B9 /* RTTPrefSettingViewController.m */; };
		849C535A163BBD4300B4E2B9 /* RTTPrefSettingViewController.xib in Resources */ = {isa = PBXBuildFile; fileRef = 849C5358163BBD4300B4E2B9 /* RTTPrefSettingViewController.xib */; };
		84A8CDD21611615F00F00508 /* RTTSynthesizeTTS.m in Sources */ = {isa = PBXBuildFile; fileRef = 84A8CDD11611615F00F00508 /* RTTSynthesizeTTS.m */; };
		84A8CDD5161164CD00F00508 /* RTTSynTTSOpr.m in Sources */ = {isa = PBXBuildFile; fileRef = 84A8CDD4161164CD00F00508 /* RTTSynTTSOpr.m */; };
		84A8CDF116117F4600F00508 /* AudioToolbox.framework in Frameworks */ = {isa = PBXBuildFile; fileRef = 84A8CDF016117F4600F00508 /* AudioToolbox.framework */; };
		84A8CDF316117F7500F00508 /* SystemConfiguration.framework in Frameworks */ = {isa = PBXBuildFile; fileRef = 84A8CDF216117F7500F00508 /* SystemConfiguration.framework */; };
		84A8CDF516117F7F00F00508 /* CFNetwork.framework in Frameworks */ = {isa = PBXBuildFile; fileRef = 84A8CDF416117F7F00F00508 /* CFNetwork.framework */; };
		84AE192F15E2270000645EA7 /* RTTTrafficBoardView.m in Sources */ = {isa = PBXBuildFile; fileRef = 84AE192E15E2270000645EA7 /* RTTTrafficBoardView.m */; };
		84AE193115E2273C00645EA7 /* RTTTrafficBoard.xib in Resources */ = {isa = PBXBuildFile; fileRef = 84AE193015E2273C00645EA7 /* RTTTrafficBoard.xib */; };
		84AE196915E3716D00645EA7 /* greenlight.png in Resources */ = {isa = PBXBuildFile; fileRef = 84AE196715E3716D00645EA7 /* greenlight.png */; };
		84AE196A15E3716D00645EA7 /* greenlight@2x.png in Resources */ = {isa = PBXBuildFile; fileRef = 84AE196815E3716D00645EA7 /* greenlight@2x.png */; };
		84AE196D15E3862E00645EA7 /* RTTModeActivityIndicatorView.m in Sources */ = {isa = PBXBuildFile; fileRef = 84AE196C15E3862E00645EA7 /* RTTModeActivityIndicatorView.m */; };
		84AE196F15E3866000645EA7 /* RTTModeActivityIndicator.xib in Resources */ = {isa = PBXBuildFile; fileRef = 84AE196E15E3865F00645EA7 /* RTTModeActivityIndicator.xib */; };
		84AEFDBA1648F87C002C82D3 /* arrowlogov3.png in Resources */ = {isa = PBXBuildFile; fileRef = 84AEFDB81648F87C002C82D3 /* arrowlogov3.png */; };
		84AEFDBB1648F87C002C82D3 /* arrowlogov3@2x.png in Resources */ = {isa = PBXBuildFile; fileRef = 84AEFDB91648F87C002C82D3 /* arrowlogov3@2x.png */; };
		84AEFDBE1648F88D002C82D3 /* trafficBTNv4.png in Resources */ = {isa = PBXBuildFile; fileRef = 84AEFDBC1648F88D002C82D3 /* trafficBTNv4.png */; };
		84AEFDBF1648F88D002C82D3 /* trafficBTNv4@2x.png in Resources */ = {isa = PBXBuildFile; fileRef = 84AEFDBD1648F88D002C82D3 /* trafficBTNv4@2x.png */; };
		84AEFDC21648FF78002C82D3 /* StartPointV1.png in Resources */ = {isa = PBXBuildFile; fileRef = 84AEFDC01648FF78002C82D3 /* StartPointV1.png */; };
		84AEFDC31648FF78002C82D3 /* StartPointV1@2x.png in Resources */ = {isa = PBXBuildFile; fileRef = 84AEFDC11648FF78002C82D3 /* StartPointV1@2x.png */; };
		84AEFDC61648FF90002C82D3 /* EndPointV1.png in Resources */ = {isa = PBXBuildFile; fileRef = 84AEFDC41648FF90002C82D3 /* EndPointV1.png */; };
		84AEFDC71648FF90002C82D3 /* EndPointV1@2x.png in Resources */ = {isa = PBXBuildFile; fileRef = 84AEFDC51648FF90002C82D3 /* EndPointV1@2x.png */; };
		84B02A5715D3B3580029CB1A /* RTTMapPointAnnotation.m in Sources */ = {isa = PBXBuildFile; fileRef = 84B02A5615D3B3580029CB1A /* RTTMapPointAnnotation.m */; };
		84B02A5B15D3B88F0029CB1A /* RTTRunningDataSet.m in Sources */ = {isa = PBXBuildFile; fileRef = 84B02A5A15D3B88F0029CB1A /* RTTRunningDataSet.m */; };
		84B02A7315D3BAA00029CB1A /* RttGHistoryPathInfo.m in Sources */ = {isa = PBXBuildFile; fileRef = 84B02A6B15D3BAA00029CB1A /* RttGHistoryPathInfo.m */; };
		84B02A7415D3BAA00029CB1A /* RttGMapDataset.m in Sources */ = {isa = PBXBuildFile; fileRef = 84B02A6D15D3BAA00029CB1A /* RttGMapDataset.m */; };
		84B02A7515D3BAA00029CB1A /* RttGRoadInfo.m in Sources */ = {isa = PBXBuildFile; fileRef = 84B02A6F15D3BAA00029CB1A /* RttGRoadInfo.m */; };
		84B02A7615D3BAA00029CB1A /* RttGRouteInfo.m in Sources */ = {isa = PBXBuildFile; fileRef = 84B02A7115D3BAA00029CB1A /* RttGRouteInfo.m */; };
		84CAD00615CFA13900C24EDB /* UIResources.bundle in Resources */ = {isa = PBXBuildFile; fileRef = 84CAD00515CFA13900C24EDB /* UIResources.bundle */; };
		84CAD00A15CFA22A00C24EDB /* RNSwipeBar.m in Sources */ = {isa = PBXBuildFile; fileRef = 84CAD00915CFA22A00C24EDB /* RNSwipeBar.m */; };
		84CAD01615CFA9BD00C24EDB /* RTTToolbarView.m in Sources */ = {isa = PBXBuildFile; fileRef = 84CAD01515CFA9BD00C24EDB /* RTTToolbarView.m */; };
		84CAD01815CFABA200C24EDB /* RTTToolbarView.xib in Resources */ = {isa = PBXBuildFile; fileRef = 84CAD01715CFABA200C24EDB /* RTTToolbarView.xib */; };
		84CAD783163A630700BEE7F7 /* searchBTN.png in Resources */ = {isa = PBXBuildFile; fileRef = 84CAD781163A630700BEE7F7 /* searchBTN.png */; };
		84CAD784163A630700BEE7F7 /* searchBTN@2x.png in Resources */ = {isa = PBXBuildFile; fileRef = 84CAD782163A630700BEE7F7 /* searchBTN@2x.png */; };
		84D3BC6615DE9AA900F2CFBD /* RTTTrafficListViewController.m in Sources */ = {isa = PBXBuildFile; fileRef = 84D3BC6415DE9AA900F2CFBD /* RTTTrafficListViewController.m */; };
		84D3BC6715DE9AA900F2CFBD /* RTTTrafficListViewController.xib in Resources */ = {isa = PBXBuildFile; fileRef = 84D3BC6515DE9AA900F2CFBD /* RTTTrafficListViewController.xib */; };
		84D7446215ECB3F200672FF3 /* accountSetting.png in Resources */ = {isa = PBXBuildFile; fileRef = 84D7445E15ECB3F200672FF3 /* accountSetting.png */; };
		84D7446315ECB3F200672FF3 /* accountSetting@2x.png in Resources */ = {isa = PBXBuildFile; fileRef = 84D7445F15ECB3F200672FF3 /* accountSetting@2x.png */; };
		84D7446415ECB3F200672FF3 /* homesettinglogo@2x.png in Resources */ = {isa = PBXBuildFile; fileRef = 84D7446015ECB3F200672FF3 /* homesettinglogo@2x.png */; };
		84D7446815ECB43200672FF3 /* homelogov2.png in Resources */ = {isa = PBXBuildFile; fileRef = 84D7446615ECB43200672FF3 /* homelogov2.png */; };
		84D7446915ECB43200672FF3 /* homelogov2@2x.png in Resources */ = {isa = PBXBuildFile; fileRef = 84D7446715ECB43200672FF3 /* homelogov2@2x.png */; };
		84D7446B15ECB48800672FF3 /* homesettinglogo.png in Resources */ = {isa = PBXBuildFile; fileRef = 84D7446A15ECB48800672FF3 /* homesettinglogo.png */; };
		84D7446E15ECC12000672FF3 /* officelogo.png in Resources */ = {isa = PBXBuildFile; fileRef = 84D7446C15ECC12000672FF3 /* officelogo.png */; };
		84D7446F15ECC12000672FF3 /* officelogo@2x.png in Resources */ = {isa = PBXBuildFile; fileRef = 84D7446D15ECC12000672FF3 /* officelogo@2x.png */; };
		84D7447A15ECE05C00672FF3 /* arrowlogov2.png in Resources */ = {isa = PBXBuildFile; fileRef = 84D7447815ECE05B00672FF3 /* arrowlogov2.png */; };
		84D7447B15ECE05C00672FF3 /* arrowlogov2@2x.png in Resources */ = {isa = PBXBuildFile; fileRef = 84D7447915ECE05C00672FF3 /* arrowlogov2@2x.png */; };
		84DBA7C1163E27CC000CA13A /* Default-568h@2x.png in Resources */ = {isa = PBXBuildFile; fileRef = 84DBA7C0163E27CC000CA13A /* Default-568h@2x.png */; };
		84DBB4B915DDCB0B00AA9D08 /* RTTHomeAddrViewController.m in Sources */ = {isa = PBXBuildFile; fileRef = 84DBB4B715DDCB0B00AA9D08 /* RTTHomeAddrViewController.m */; };
		84DBB4BA15DDCB0B00AA9D08 /* RTTHomeAddrViewController.xib in Resources */ = {isa = PBXBuildFile; fileRef = 84DBB4B815DDCB0B00AA9D08 /* RTTHomeAddrViewController.xib */; };
		84DBB4BD15DDF42A00AA9D08 /* homelogo.png in Resources */ = {isa = PBXBuildFile; fileRef = 84DBB4BB15DDF42A00AA9D08 /* homelogo.png */; };
		84DBB4BE15DDF42A00AA9D08 /* homelogo@2x.png in Resources */ = {isa = PBXBuildFile; fileRef = 84DBB4BC15DDF42A00AA9D08 /* homelogo@2x.png */; };
		84E7561B15F5D19100A06FCF /* icon95.png in Resources */ = {isa = PBXBuildFile; fileRef = 84E7561915F5D19100A06FCF /* icon95.png */; };
		84E7561C15F5D19100A06FCF /* icon95@2x.png in Resources */ = {isa = PBXBuildFile; fileRef = 84E7561A15F5D19100A06FCF /* icon95@2x.png */; };
		84E9D1A915D9E22B004A885F /* GuideBoard.xib in Resources */ = {isa = PBXBuildFile; fileRef = 84E9D1A815D9E22B004A885F /* GuideBoard.xib */; };
		84E9D1AC15D9EA52004A885F /* RTTGuideBoardView.m in Sources */ = {isa = PBXBuildFile; fileRef = 84E9D1AB15D9EA52004A885F /* RTTGuideBoardView.m */; };
		84E9D1AE15D9FAAF004A885F /* Location.gpx in Resources */ = {isa = PBXBuildFile; fileRef = 84E9D1AD15D9FAAF004A885F /* Location.gpx */; };
		84E9D1BA15DA5204004A885F /* RTTSuggestionListViewController.m in Sources */ = {isa = PBXBuildFile; fileRef = 84E9D1B815DA5203004A885F /* RTTSuggestionListViewController.m */; };
		84E9D1BB15DA5204004A885F /* RTTSuggestionListViewController.xib in Resources */ = {isa = PBXBuildFile; fileRef = 84E9D1B915DA5204004A885F /* RTTSuggestionListViewController.xib */; };
		84E9D1D215DC635C004A885F /* RTTTrafficBriefViewController.m in Sources */ = {isa = PBXBuildFile; fileRef = 84E9D1D015DC635B004A885F /* RTTTrafficBriefViewController.m */; };
		84E9D1D315DC635C004A885F /* RTTTrafficBriefViewController.xib in Resources */ = {isa = PBXBuildFile; fileRef = 84E9D1D115DC635C004A885F /* RTTTrafficBriefViewController.xib */; };
		84EC8C9A15E151900048B89B /* Default.png in Resources */ = {isa = PBXBuildFile; fileRef = 84EC8C9915E151900048B89B /* Default.png */; };
		84EC8C9C15E151970048B89B /* Default@2x.png in Resources */ = {isa = PBXBuildFile; fileRef = 84EC8C9B15E151970048B89B /* Default@2x.png */; };
		84EC8CA815E1542C0048B89B /* RTTIntroPageViewController.m in Sources */ = {isa = PBXBuildFile; fileRef = 84EC8CA615E1542C0048B89B /* RTTIntroPageViewController.m */; };
		84EC8CA915E1542C0048B89B /* RTTIntroPageViewController.xib in Resources */ = {isa = PBXBuildFile; fileRef = 84EC8CA715E1542C0048B89B /* RTTIntroPageViewController.xib */; };
		84EC8CB215E1BE450048B89B /* RTTAccountViewController.m in Sources */ = {isa = PBXBuildFile; fileRef = 84EC8CB015E1BE440048B89B /* RTTAccountViewController.m */; };
		84EC8CB315E1BE450048B89B /* RTTAccountViewController.xib in Resources */ = {isa = PBXBuildFile; fileRef = 84EC8CB115E1BE450048B89B /* RTTAccountViewController.xib */; };
		84F5FB63164269DC007C5668 /* iFlyMSC.framework in Frameworks */ = {isa = PBXBuildFile; fileRef = 84F5FB60164269DC007C5668 /* iFlyMSC.framework */; };
		84F5FB64164269DC007C5668 /* JSON in Resources */ = {isa = PBXBuildFile; fileRef = 84F5FB61164269DC007C5668 /* JSON */; };
		84F5FB691642779A007C5668 /* ButtomBarTranparant@2x.png in Resources */ = {isa = PBXBuildFile; fileRef = 84F5FB671642779A007C5668 /* ButtomBarTranparant@2x.png */; };
		84F5FB6B164277BF007C5668 /* ButtomBarTranparant.png in Resources */ = {isa = PBXBuildFile; fileRef = 84F5FB6A164277BF007C5668 /* ButtomBarTranparant.png */; };
		84F5FB751642A77B007C5668 /* Reachability.m in Sources */ = {isa = PBXBuildFile; fileRef = 84F5FB741642A77B007C5668 /* Reachability.m */; settings = {COMPILER_FLAGS = "-fno-objc-arc"; }; };
		84F5FB781643B693007C5668 /* GripBlue.png in Resources */ = {isa = PBXBuildFile; fileRef = 84F5FB761643B693007C5668 /* GripBlue.png */; };
		84F5FB791643B693007C5668 /* GripBlue@2x.png in Resources */ = {isa = PBXBuildFile; fileRef = 84F5FB771643B693007C5668 /* GripBlue@2x.png */; };
/* End PBXBuildFile section */

/* Begin PBXContainerItemProxy section */
		8453178815D4C8DA001C5F27 /* PBXContainerItemProxy */ = {
			isa = PBXContainerItemProxy;
			containerPortal = 8453177E15D4C8D9001C5F27 /* ProtocolBuffers.xcodeproj */;
			proxyType = 2;
			remoteGlobalIDString = 7461B52E0F94FAF800A0C422;
			remoteInfo = ProtocolBuffers;
		};
		8453178A15D4C8DA001C5F27 /* PBXContainerItemProxy */ = {
			isa = PBXContainerItemProxy;
			containerPortal = 8453177E15D4C8D9001C5F27 /* ProtocolBuffers.xcodeproj */;
			proxyType = 2;
			remoteGlobalIDString = 7401C1A80F950347006D8281;
			remoteInfo = UnitTests;
		};
		8453178C15D4C8DA001C5F27 /* PBXContainerItemProxy */ = {
			isa = PBXContainerItemProxy;
			containerPortal = 8453177E15D4C8D9001C5F27 /* ProtocolBuffers.xcodeproj */;
			proxyType = 2;
			remoteGlobalIDString = 748F14580FD75E3B000858A9;
			remoteInfo = CommandLineTests;
		};
		8453178E15D4C951001C5F27 /* PBXContainerItemProxy */ = {
			isa = PBXContainerItemProxy;
			containerPortal = 8453177E15D4C8D9001C5F27 /* ProtocolBuffers.xcodeproj */;
			proxyType = 1;
			remoteGlobalIDString = 7461B52D0F94FAF800A0C422;
			remoteInfo = ProtocolBuffers;
		};
/* End PBXContainerItemProxy section */

/* Begin PBXFileReference section */
		84037CD81612F00A00717FC3 /* RTTTrafficTTSPlayRecord.h */ = {isa = PBXFileReference; fileEncoding = 4; lastKnownFileType = sourcecode.c.h; path = RTTTrafficTTSPlayRecord.h; sourceTree = "<group>"; };
		84037CD91612F00A00717FC3 /* RTTTrafficTTSPlayRecord.m */ = {isa = PBXFileReference; fileEncoding = 4; lastKnownFileType = sourcecode.c.objc; path = RTTTrafficTTSPlayRecord.m; sourceTree = "<group>"; };
		840524261648EA77009FBC54 /* CrossLogoV1.png */ = {isa = PBXFileReference; lastKnownFileType = image.png; path = CrossLogoV1.png; sourceTree = "<group>"; };
		840524271648EA78009FBC54 /* CrossLogoV1@2x.png */ = {isa = PBXFileReference; lastKnownFileType = image.png; path = "CrossLogoV1@2x.png"; sourceTree = "<group>"; };
		841662EA163B78E6001CCFC9 /* closeBTN.png */ = {isa = PBXFileReference; lastKnownFileType = image.png; path = closeBTN.png; sourceTree = "<group>"; };
		841662EB163B78E6001CCFC9 /* closeBTN@2x.png */ = {isa = PBXFileReference; lastKnownFileType = image.png; path = "closeBTN@2x.png"; sourceTree = "<group>"; };
		841CE786163A74080002FDDA /* RTTSearchBar.xib */ = {isa = PBXFileReference; fileEncoding = 4; lastKnownFileType = file.xib; path = RTTSearchBar.xib; sourceTree = "<group>"; };
		841CE788163A79390002FDDA /* RTTSearchBarView.h */ = {isa = PBXFileReference; fileEncoding = 4; lastKnownFileType = sourcecode.c.h; path = RTTSearchBarView.h; sourceTree = "<group>"; };
		841CE789163A793A0002FDDA /* RTTSearchBarView.m */ = {isa = PBXFileReference; fileEncoding = 4; lastKnownFileType = sourcecode.c.objc; path = RTTSearchBarView.m; sourceTree = "<group>"; };
		841EF8D115D4A0F70067ED4A /* Tss.pb.h */ = {isa = PBXFileReference; fileEncoding = 4; lastKnownFileType = sourcecode.c.h; path = Tss.pb.h; sourceTree = "<group>"; };
		841EF8D215D4A0F70067ED4A /* Tss.pb.m */ = {isa = PBXFileReference; fileEncoding = 4; lastKnownFileType = sourcecode.c.objc; path = Tss.pb.m; sourceTree = "<group>"; };
		8426DFCA1640C12400A5F5D3 /* RTTTrafficContainer.h */ = {isa = PBXFileReference; fileEncoding = 4; lastKnownFileType = sourcecode.c.h; path = RTTTrafficContainer.h; sourceTree = "<group>"; };
		8426DFCB1640C12500A5F5D3 /* RTTTrafficContainer.mm */ = {isa = PBXFileReference; fileEncoding = 4; lastKnownFileType = sourcecode.cpp.objcpp; path = RTTTrafficContainer.mm; sourceTree = "<group>"; };
		8426DFCD1640C15700A5F5D3 /* RTTRouteContainer.h */ = {isa = PBXFileReference; fileEncoding = 4; lastKnownFileType = sourcecode.c.h; path = RTTRouteContainer.h; sourceTree = "<group>"; };
		8426DFCE1640C15700A5F5D3 /* RTTRouteContainer.m */ = {isa = PBXFileReference; fileEncoding = 4; lastKnownFileType = sourcecode.c.objc; path = RTTRouteContainer.m; sourceTree = "<group>"; };
		8426DFD31640C81B00A5F5D3 /* RTTMapKit.h */ = {isa = PBXFileReference; fileEncoding = 4; lastKnownFileType = sourcecode.c.h; path = RTTMapKit.h; sourceTree = "<group>"; };
		8426DFD41640C81B00A5F5D3 /* RTTMapKit.mm */ = {isa = PBXFileReference; fileEncoding = 4; lastKnownFileType = sourcecode.cpp.objcpp; path = RTTMapKit.mm; sourceTree = "<group>"; };
		8437729115C9159300F807FD /* Easyway95.app */ = {isa = PBXFileReference; explicitFileType = wrapper.application; includeInIndex = 0; path = Easyway95.app; sourceTree = BUILT_PRODUCTS_DIR; };
		8437729515C9159300F807FD /* UIKit.framework */ = {isa = PBXFileReference; lastKnownFileType = wrapper.framework; name = UIKit.framework; path = System/Library/Frameworks/UIKit.framework; sourceTree = SDKROOT; };
		8437729715C9159300F807FD /* Foundation.framework */ = {isa = PBXFileReference; lastKnownFileType = wrapper.framework; name = Foundation.framework; path = System/Library/Frameworks/Foundation.framework; sourceTree = SDKROOT; };
		8437729915C9159300F807FD /* CoreGraphics.framework */ = {isa = PBXFileReference; lastKnownFileType = wrapper.framework; name = CoreGraphics.framework; path = System/Library/Frameworks/CoreGraphics.framework; sourceTree = SDKROOT; };
		8437729D15C9159300F807FD /* Easyway95-Info.plist */ = {isa = PBXFileReference; lastKnownFileType = text.plist.xml; path = "Easyway95-Info.plist"; sourceTree = "<group>"; };
		8437729F15C9159300F807FD /* en */ = {isa = PBXFileReference; lastKnownFileType = text.plist.strings; name = en; path = en.lproj/InfoPlist.strings; sourceTree = "<group>"; };
		843772A115C9159300F807FD /* main.m */ = {isa = PBXFileReference; lastKnownFileType = sourcecode.c.objc; path = main.m; sourceTree = "<group>"; };
		843772A315C9159300F807FD /* Easyway95-Prefix.pch */ = {isa = PBXFileReference; lastKnownFileType = sourcecode.c.h; path = "Easyway95-Prefix.pch"; sourceTree = "<group>"; };
		843772A415C9159300F807FD /* RTTAppDelegate.h */ = {isa = PBXFileReference; lastKnownFileType = sourcecode.c.h; path = RTTAppDelegate.h; sourceTree = "<group>"; };
		843772A515C9159300F807FD /* RTTAppDelegate.m */ = {isa = PBXFileReference; lastKnownFileType = sourcecode.c.objc; path = RTTAppDelegate.m; sourceTree = "<group>"; };
		843772A715C9159300F807FD /* RTTViewController.h */ = {isa = PBXFileReference; lastKnownFileType = sourcecode.c.h; path = RTTViewController.h; sourceTree = "<group>"; };
		843772A815C9159300F807FD /* RTTViewController.mm */ = {isa = PBXFileReference; lastKnownFileType = sourcecode.cpp.objcpp; path = RTTViewController.mm; sourceTree = "<group>"; };
		843772AB15C9159400F807FD /* en */ = {isa = PBXFileReference; lastKnownFileType = file.xib; name = en; path = en.lproj/RTTViewController.xib; sourceTree = "<group>"; };
		84466BDA15EA92BD00361BBA /* AccountLogo.png */ = {isa = PBXFileReference; lastKnownFileType = image.png; path = AccountLogo.png; sourceTree = "<group>"; };
		84466BDB15EA92BD00361BBA /* AccountLogo@2x.png */ = {isa = PBXFileReference; lastKnownFileType = image.png; path = "AccountLogo@2x.png"; sourceTree = "<group>"; };
		8453177E15D4C8D9001C5F27 /* ProtocolBuffers.xcodeproj */ = {isa = PBXFileReference; lastKnownFileType = "wrapper.pb-project"; name = ProtocolBuffers.xcodeproj; path = ProtocolBuffLib/ProtocolBuffers.xcodeproj; sourceTree = "<group>"; };
		8453179D15D4D971001C5F27 /* RttGOprRcvTSS.h */ = {isa = PBXFileReference; fileEncoding = 4; lastKnownFileType = sourcecode.c.h; path = RttGOprRcvTSS.h; sourceTree = "<group>"; };
		8453179E15D4D971001C5F27 /* RttGOprRcvTSS.m */ = {isa = PBXFileReference; fileEncoding = 4; lastKnownFileType = sourcecode.c.objc; path = RttGOprRcvTSS.m; sourceTree = "<group>"; };
		845317A015D4DA24001C5F27 /* RttGTSSCommunication.h */ = {isa = PBXFileReference; fileEncoding = 4; lastKnownFileType = sourcecode.c.h; path = RttGTSSCommunication.h; sourceTree = "<group>"; };
		845317A215D4F239001C5F27 /* mapapi.bundle */ = {isa = PBXFileReference; lastKnownFileType = "wrapper.plug-in"; path = mapapi.bundle; sourceTree = "<group>"; };
		845317A415D4FDCF001C5F27 /* RTTMapPointSettingViewController.h */ = {isa = PBXFileReference; fileEncoding = 4; lastKnownFileType = sourcecode.c.h; path = RTTMapPointSettingViewController.h; sourceTree = "<group>"; };
		845317A515D4FDCF001C5F27 /* RTTMapPointSettingViewController.m */ = {isa = PBXFileReference; fileEncoding = 4; lastKnownFileType = sourcecode.c.objc; path = RTTMapPointSettingViewController.m; sourceTree = "<group>"; };
		845317A615D4FDCF001C5F27 /* RTTMapPointSettingViewController.xib */ = {isa = PBXFileReference; fileEncoding = 4; lastKnownFileType = file.xib; path = RTTMapPointSettingViewController.xib; sourceTree = "<group>"; };
		845317E115D8ACED001C5F27 /* RTTVCDelegate.h */ = {isa = PBXFileReference; lastKnownFileType = sourcecode.c.h; path = RTTVCDelegate.h; sourceTree = "<group>"; };
		845B1E3B15ECEEF000AD7CCE /* trafficBTNv3.png */ = {isa = PBXFileReference; lastKnownFileType = image.png; path = trafficBTNv3.png; sourceTree = "<group>"; };
		845B1E3C15ECEEF000AD7CCE /* trafficBTNv3@2x.png */ = {isa = PBXFileReference; lastKnownFileType = image.png; path = "trafficBTNv3@2x.png"; sourceTree = "<group>"; };
		84640D3115CA2A6500F06CE9 /* BaiduMapApi_Lib_iOS_1.2.1 */ = {isa = PBXFileReference; lastKnownFileType = folder; path = BaiduMapApi_Lib_iOS_1.2.1; sourceTree = "<group>"; };
		84640D3315CA308A00F06CE9 /* CoreLocation.framework */ = {isa = PBXFileReference; lastKnownFileType = wrapper.framework; name = CoreLocation.framework; path = System/Library/Frameworks/CoreLocation.framework; sourceTree = SDKROOT; };
		84640D3515CA309C00F06CE9 /* QuartzCore.framework */ = {isa = PBXFileReference; lastKnownFileType = wrapper.framework; name = QuartzCore.framework; path = System/Library/Frameworks/QuartzCore.framework; sourceTree = SDKROOT; };
		84640D4715CA354D00F06CE9 /* RTTMapView.h */ = {isa = PBXFileReference; fileEncoding = 4; lastKnownFileType = sourcecode.c.h; path = RTTMapView.h; sourceTree = "<group>"; };
		84640D4815CA354D00F06CE9 /* RTTMapView.mm */ = {isa = PBXFileReference; fileEncoding = 4; lastKnownFileType = sourcecode.cpp.objcpp; path = RTTMapView.mm; sourceTree = "<group>"; };
		84640D4B15CA536200F06CE9 /* ZMQ */ = {isa = PBXFileReference; lastKnownFileType = folder; path = ZMQ; sourceTree = "<group>"; };
		846F7DCE15F6F26000BD0B12 /* RTTComm4TSS.h */ = {isa = PBXFileReference; fileEncoding = 4; lastKnownFileType = sourcecode.c.h; path = RTTComm4TSS.h; sourceTree = "<group>"; };
		846F7DCF15F6F26000BD0B12 /* RTTComm4TSS.m */ = {isa = PBXFileReference; fileEncoding = 4; lastKnownFileType = sourcecode.c.objc; path = RTTComm4TSS.m; sourceTree = "<group>"; };
		847BCBB115FDE48400D50D67 /* Instro-1.png */ = {isa = PBXFileReference; lastKnownFileType = image.png; path = "Instro-1.png"; sourceTree = "<group>"; };
		847BCBB215FDE48400D50D67 /* Instro-1@2x.png */ = {isa = PBXFileReference; lastKnownFileType = image.png; path = "Instro-1@2x.png"; sourceTree = "<group>"; };
		847BCBB315FDE48400D50D67 /* Instro-2.png */ = {isa = PBXFileReference; lastKnownFileType = image.png; path = "Instro-2.png"; sourceTree = "<group>"; };
		847BCBB415FDE48400D50D67 /* Instro-2@2x.png */ = {isa = PBXFileReference; lastKnownFileType = image.png; path = "Instro-2@2x.png"; sourceTree = "<group>"; };
		847BCBB515FDE48400D50D67 /* Instro-3.png */ = {isa = PBXFileReference; lastKnownFileType = image.png; path = "Instro-3.png"; sourceTree = "<group>"; };
		847BCBB615FDE48400D50D67 /* Instro-3@2x.png */ = {isa = PBXFileReference; lastKnownFileType = image.png; path = "Instro-3@2x.png"; sourceTree = "<group>"; };
		847BCBB715FDE48400D50D67 /* Instro-4.png */ = {isa = PBXFileReference; lastKnownFileType = image.png; path = "Instro-4.png"; sourceTree = "<group>"; };
		847BCBB815FDE48400D50D67 /* Instro-4@2x.png */ = {isa = PBXFileReference; lastKnownFileType = image.png; path = "Instro-4@2x.png"; sourceTree = "<group>"; };
		847BCBC115FDEC7C00D50D67 /* BegintoUse.png */ = {isa = PBXFileReference; lastKnownFileType = image.png; name = BegintoUse.png; path = Easyway/BegintoUse.png; sourceTree = "<group>"; };
		847BCBC215FDEC7C00D50D67 /* BegintoUse@2x.png */ = {isa = PBXFileReference; lastKnownFileType = image.png; name = "BegintoUse@2x.png"; path = "Easyway/BegintoUse@2x.png"; sourceTree = "<group>"; };
		847BCBC515FF0E4100D50D67 /* Staruppage.png */ = {isa = PBXFileReference; lastKnownFileType = image.png; path = Staruppage.png; sourceTree = "<group>"; };
		847BCBC615FF0E4100D50D67 /* Staruppage@2x.png */ = {isa = PBXFileReference; lastKnownFileType = image.png; path = "Staruppage@2x.png"; sourceTree = "<group>"; };
		849C5356163BBD4300B4E2B9 /* RTTPrefSettingViewController.h */ = {isa = PBXFileReference; fileEncoding = 4; lastKnownFileType = sourcecode.c.h; path = RTTPrefSettingViewController.h; sourceTree = "<group>"; };
		849C5357163BBD4300B4E2B9 /* RTTPrefSettingViewController.m */ = {isa = PBXFileReference; fileEncoding = 4; lastKnownFileType = sourcecode.c.objc; path = RTTPrefSettingViewController.m; sourceTree = "<group>"; };
		849C5358163BBD4300B4E2B9 /* RTTPrefSettingViewController.xib */ = {isa = PBXFileReference; fileEncoding = 4; lastKnownFileType = file.xib; path = RTTPrefSettingViewController.xib; sourceTree = "<group>"; };
		84A8CDD01611615F00F00508 /* RTTSynthesizeTTS.h */ = {isa = PBXFileReference; fileEncoding = 4; lastKnownFileType = sourcecode.c.h; path = RTTSynthesizeTTS.h; sourceTree = "<group>"; };
		84A8CDD11611615F00F00508 /* RTTSynthesizeTTS.m */ = {isa = PBXFileReference; fileEncoding = 4; lastKnownFileType = sourcecode.c.objc; path = RTTSynthesizeTTS.m; sourceTree = "<group>"; };
		84A8CDD3161164CD00F00508 /* RTTSynTTSOpr.h */ = {isa = PBXFileReference; fileEncoding = 4; lastKnownFileType = sourcecode.c.h; path = RTTSynTTSOpr.h; sourceTree = "<group>"; };
		84A8CDD4161164CD00F00508 /* RTTSynTTSOpr.m */ = {isa = PBXFileReference; fileEncoding = 4; lastKnownFileType = sourcecode.c.objc; path = RTTSynTTSOpr.m; sourceTree = "<group>"; };
		84A8CDF016117F4600F00508 /* AudioToolbox.framework */ = {isa = PBXFileReference; lastKnownFileType = wrapper.framework; name = AudioToolbox.framework; path = System/Library/Frameworks/AudioToolbox.framework; sourceTree = SDKROOT; };
		84A8CDF216117F7500F00508 /* SystemConfiguration.framework */ = {isa = PBXFileReference; lastKnownFileType = wrapper.framework; name = SystemConfiguration.framework; path = System/Library/Frameworks/SystemConfiguration.framework; sourceTree = SDKROOT; };
		84A8CDF416117F7F00F00508 /* CFNetwork.framework */ = {isa = PBXFileReference; lastKnownFileType = wrapper.framework; name = CFNetwork.framework; path = System/Library/Frameworks/CFNetwork.framework; sourceTree = SDKROOT; };
		84AE192D15E2270000645EA7 /* RTTTrafficBoardView.h */ = {isa = PBXFileReference; fileEncoding = 4; lastKnownFileType = sourcecode.c.h; path = RTTTrafficBoardView.h; sourceTree = "<group>"; };
		84AE192E15E2270000645EA7 /* RTTTrafficBoardView.m */ = {isa = PBXFileReference; fileEncoding = 4; lastKnownFileType = sourcecode.c.objc; path = RTTTrafficBoardView.m; sourceTree = "<group>"; };
		84AE193015E2273C00645EA7 /* RTTTrafficBoard.xib */ = {isa = PBXFileReference; fileEncoding = 4; lastKnownFileType = file.xib; path = RTTTrafficBoard.xib; sourceTree = "<group>"; };
		84AE196715E3716D00645EA7 /* greenlight.png */ = {isa = PBXFileReference; lastKnownFileType = image.png; path = greenlight.png; sourceTree = "<group>"; };
		84AE196815E3716D00645EA7 /* greenlight@2x.png */ = {isa = PBXFileReference; lastKnownFileType = image.png; path = "greenlight@2x.png"; sourceTree = "<group>"; };
		84AE196B15E3862E00645EA7 /* RTTModeActivityIndicatorView.h */ = {isa = PBXFileReference; fileEncoding = 4; lastKnownFileType = sourcecode.c.h; path = RTTModeActivityIndicatorView.h; sourceTree = "<group>"; };
		84AE196C15E3862E00645EA7 /* RTTModeActivityIndicatorView.m */ = {isa = PBXFileReference; fileEncoding = 4; lastKnownFileType = sourcecode.c.objc; path = RTTModeActivityIndicatorView.m; sourceTree = "<group>"; };
		84AE196E15E3865F00645EA7 /* RTTModeActivityIndicator.xib */ = {isa = PBXFileReference; fileEncoding = 4; lastKnownFileType = file.xib; path = RTTModeActivityIndicator.xib; sourceTree = "<group>"; };
		84AEFDB81648F87C002C82D3 /* arrowlogov3.png */ = {isa = PBXFileReference; lastKnownFileType = image.png; path = arrowlogov3.png; sourceTree = "<group>"; };
		84AEFDB91648F87C002C82D3 /* arrowlogov3@2x.png */ = {isa = PBXFileReference; lastKnownFileType = image.png; path = "arrowlogov3@2x.png"; sourceTree = "<group>"; };
		84AEFDBC1648F88D002C82D3 /* trafficBTNv4.png */ = {isa = PBXFileReference; lastKnownFileType = image.png; path = trafficBTNv4.png; sourceTree = "<group>"; };
		84AEFDBD1648F88D002C82D3 /* trafficBTNv4@2x.png */ = {isa = PBXFileReference; lastKnownFileType = image.png; path = "trafficBTNv4@2x.png"; sourceTree = "<group>"; };
		84AEFDC01648FF78002C82D3 /* StartPointV1.png */ = {isa = PBXFileReference; lastKnownFileType = image.png; path = StartPointV1.png; sourceTree = "<group>"; };
		84AEFDC11648FF78002C82D3 /* StartPointV1@2x.png */ = {isa = PBXFileReference; lastKnownFileType = image.png; path = "StartPointV1@2x.png"; sourceTree = "<group>"; };
		84AEFDC41648FF90002C82D3 /* EndPointV1.png */ = {isa = PBXFileReference; lastKnownFileType = image.png; path = EndPointV1.png; sourceTree = "<group>"; };
		84AEFDC51648FF90002C82D3 /* EndPointV1@2x.png */ = {isa = PBXFileReference; lastKnownFileType = image.png; path = "EndPointV1@2x.png"; sourceTree = "<group>"; };
		84B02A5515D3B3580029CB1A /* RTTMapPointAnnotation.h */ = {isa = PBXFileReference; fileEncoding = 4; lastKnownFileType = sourcecode.c.h; path = RTTMapPointAnnotation.h; sourceTree = "<group>"; };
		84B02A5615D3B3580029CB1A /* RTTMapPointAnnotation.m */ = {isa = PBXFileReference; fileEncoding = 4; lastKnownFileType = sourcecode.c.objc; path = RTTMapPointAnnotation.m; sourceTree = "<group>"; };
		84B02A5915D3B88F0029CB1A /* RTTRunningDataSet.h */ = {isa = PBXFileReference; fileEncoding = 4; lastKnownFileType = sourcecode.c.h; path = RTTRunningDataSet.h; sourceTree = "<group>"; };
		84B02A5A15D3B88F0029CB1A /* RTTRunningDataSet.m */ = {isa = PBXFileReference; fileEncoding = 4; lastKnownFileType = sourcecode.c.objc; path = RTTRunningDataSet.m; sourceTree = "<group>"; };
		84B02A6A15D3BAA00029CB1A /* RttGHistoryPathInfo.h */ = {isa = PBXFileReference; fileEncoding = 4; lastKnownFileType = sourcecode.c.h; path = RttGHistoryPathInfo.h; sourceTree = "<group>"; };
		84B02A6B15D3BAA00029CB1A /* RttGHistoryPathInfo.m */ = {isa = PBXFileReference; fileEncoding = 4; lastKnownFileType = sourcecode.c.objc; path = RttGHistoryPathInfo.m; sourceTree = "<group>"; };
		84B02A6C15D3BAA00029CB1A /* RttGMapDataset.h */ = {isa = PBXFileReference; fileEncoding = 4; lastKnownFileType = sourcecode.c.h; path = RttGMapDataset.h; sourceTree = "<group>"; };
		84B02A6D15D3BAA00029CB1A /* RttGMapDataset.m */ = {isa = PBXFileReference; fileEncoding = 4; lastKnownFileType = sourcecode.c.objc; path = RttGMapDataset.m; sourceTree = "<group>"; };
		84B02A6E15D3BAA00029CB1A /* RttGRoadInfo.h */ = {isa = PBXFileReference; fileEncoding = 4; lastKnownFileType = sourcecode.c.h; path = RttGRoadInfo.h; sourceTree = "<group>"; };
		84B02A6F15D3BAA00029CB1A /* RttGRoadInfo.m */ = {isa = PBXFileReference; fileEncoding = 4; lastKnownFileType = sourcecode.c.objc; path = RttGRoadInfo.m; sourceTree = "<group>"; };
		84B02A7015D3BAA00029CB1A /* RttGRouteInfo.h */ = {isa = PBXFileReference; fileEncoding = 4; lastKnownFileType = sourcecode.c.h; path = RttGRouteInfo.h; sourceTree = "<group>"; };
		84B02A7115D3BAA00029CB1A /* RttGRouteInfo.m */ = {isa = PBXFileReference; fileEncoding = 4; lastKnownFileType = sourcecode.c.objc; path = RttGRouteInfo.m; sourceTree = "<group>"; };
		84CAD00515CFA13900C24EDB /* UIResources.bundle */ = {isa = PBXFileReference; lastKnownFileType = "wrapper.plug-in"; path = UIResources.bundle; sourceTree = "<group>"; };
		84CAD00815CFA22A00C24EDB /* RNSwipeBar.h */ = {isa = PBXFileReference; fileEncoding = 4; lastKnownFileType = sourcecode.c.h; path = RNSwipeBar.h; sourceTree = "<group>"; };
		84CAD00915CFA22A00C24EDB /* RNSwipeBar.m */ = {isa = PBXFileReference; fileEncoding = 4; lastKnownFileType = sourcecode.c.objc; path = RNSwipeBar.m; sourceTree = "<group>"; };
		84CAD01415CFA9BD00C24EDB /* RTTToolbarView.h */ = {isa = PBXFileReference; fileEncoding = 4; lastKnownFileType = sourcecode.c.h; path = RTTToolbarView.h; sourceTree = "<group>"; };
		84CAD01515CFA9BD00C24EDB /* RTTToolbarView.m */ = {isa = PBXFileReference; fileEncoding = 4; lastKnownFileType = sourcecode.c.objc; path = RTTToolbarView.m; sourceTree = "<group>"; };
		84CAD01715CFABA200C24EDB /* RTTToolbarView.xib */ = {isa = PBXFileReference; fileEncoding = 4; lastKnownFileType = file.xib; path = RTTToolbarView.xib; sourceTree = "<group>"; };
		84CAD781163A630700BEE7F7 /* searchBTN.png */ = {isa = PBXFileReference; lastKnownFileType = image.png; path = searchBTN.png; sourceTree = "<group>"; };
		84CAD782163A630700BEE7F7 /* searchBTN@2x.png */ = {isa = PBXFileReference; lastKnownFileType = image.png; path = "searchBTN@2x.png"; sourceTree = "<group>"; };
		84D3BC6315DE9AA900F2CFBD /* RTTTrafficListViewController.h */ = {isa = PBXFileReference; fileEncoding = 4; lastKnownFileType = sourcecode.c.h; path = RTTTrafficListViewController.h; sourceTree = "<group>"; };
		84D3BC6415DE9AA900F2CFBD /* RTTTrafficListViewController.m */ = {isa = PBXFileReference; fileEncoding = 4; lastKnownFileType = sourcecode.c.objc; path = RTTTrafficListViewController.m; sourceTree = "<group>"; };
		84D3BC6515DE9AA900F2CFBD /* RTTTrafficListViewController.xib */ = {isa = PBXFileReference; fileEncoding = 4; lastKnownFileType = file.xib; path = RTTTrafficListViewController.xib; sourceTree = "<group>"; };
		84D7445E15ECB3F200672FF3 /* accountSetting.png */ = {isa = PBXFileReference; lastKnownFileType = image.png; path = accountSetting.png; sourceTree = "<group>"; };
		84D7445F15ECB3F200672FF3 /* accountSetting@2x.png */ = {isa = PBXFileReference; lastKnownFileType = image.png; path = "accountSetting@2x.png"; sourceTree = "<group>"; };
		84D7446015ECB3F200672FF3 /* homesettinglogo@2x.png */ = {isa = PBXFileReference; lastKnownFileType = image.png; path = "homesettinglogo@2x.png"; sourceTree = "<group>"; };
		84D7446615ECB43200672FF3 /* homelogov2.png */ = {isa = PBXFileReference; lastKnownFileType = image.png; path = homelogov2.png; sourceTree = "<group>"; };
		84D7446715ECB43200672FF3 /* homelogov2@2x.png */ = {isa = PBXFileReference; lastKnownFileType = image.png; path = "homelogov2@2x.png"; sourceTree = "<group>"; };
		84D7446A15ECB48800672FF3 /* homesettinglogo.png */ = {isa = PBXFileReference; lastKnownFileType = image.png; path = homesettinglogo.png; sourceTree = "<group>"; };
		84D7446C15ECC12000672FF3 /* officelogo.png */ = {isa = PBXFileReference; lastKnownFileType = image.png; path = officelogo.png; sourceTree = "<group>"; };
		84D7446D15ECC12000672FF3 /* officelogo@2x.png */ = {isa = PBXFileReference; lastKnownFileType = image.png; path = "officelogo@2x.png"; sourceTree = "<group>"; };
		84D7447815ECE05B00672FF3 /* arrowlogov2.png */ = {isa = PBXFileReference; lastKnownFileType = image.png; path = arrowlogov2.png; sourceTree = "<group>"; };
		84D7447915ECE05C00672FF3 /* arrowlogov2@2x.png */ = {isa = PBXFileReference; lastKnownFileType = image.png; path = "arrowlogov2@2x.png"; sourceTree = "<group>"; };
		84DBA7C0163E27CC000CA13A /* Default-568h@2x.png */ = {isa = PBXFileReference; lastKnownFileType = image.png; path = "Default-568h@2x.png"; sourceTree = "<group>"; };
		84DBB4B615DDCB0B00AA9D08 /* RTTHomeAddrViewController.h */ = {isa = PBXFileReference; fileEncoding = 4; lastKnownFileType = sourcecode.c.h; path = RTTHomeAddrViewController.h; sourceTree = "<group>"; };
		84DBB4B715DDCB0B00AA9D08 /* RTTHomeAddrViewController.m */ = {isa = PBXFileReference; fileEncoding = 4; lastKnownFileType = sourcecode.c.objc; path = RTTHomeAddrViewController.m; sourceTree = "<group>"; };
		84DBB4B815DDCB0B00AA9D08 /* RTTHomeAddrViewController.xib */ = {isa = PBXFileReference; fileEncoding = 4; lastKnownFileType = file.xib; path = RTTHomeAddrViewController.xib; sourceTree = "<group>"; };
		84DBB4BB15DDF42A00AA9D08 /* homelogo.png */ = {isa = PBXFileReference; lastKnownFileType = image.png; path = homelogo.png; sourceTree = "<group>"; };
		84DBB4BC15DDF42A00AA9D08 /* homelogo@2x.png */ = {isa = PBXFileReference; lastKnownFileType = image.png; path = "homelogo@2x.png"; sourceTree = "<group>"; };
		84E7561915F5D19100A06FCF /* icon95.png */ = {isa = PBXFileReference; lastKnownFileType = image.png; path = icon95.png; sourceTree = "<group>"; };
		84E7561A15F5D19100A06FCF /* icon95@2x.png */ = {isa = PBXFileReference; lastKnownFileType = image.png; path = "icon95@2x.png"; sourceTree = "<group>"; };
		84E9D1A815D9E22B004A885F /* GuideBoard.xib */ = {isa = PBXFileReference; fileEncoding = 4; lastKnownFileType = file.xib; path = GuideBoard.xib; sourceTree = "<group>"; };
		84E9D1AA15D9EA52004A885F /* RTTGuideBoardView.h */ = {isa = PBXFileReference; fileEncoding = 4; lastKnownFileType = sourcecode.c.h; path = RTTGuideBoardView.h; sourceTree = "<group>"; };
		84E9D1AB15D9EA52004A885F /* RTTGuideBoardView.m */ = {isa = PBXFileReference; fileEncoding = 4; lastKnownFileType = sourcecode.c.objc; path = RTTGuideBoardView.m; sourceTree = "<group>"; };
		84E9D1AD15D9FAAF004A885F /* Location.gpx */ = {isa = PBXFileReference; fileEncoding = 4; lastKnownFileType = text.xml; path = Location.gpx; sourceTree = "<group>"; };
		84E9D1B715DA5203004A885F /* RTTSuggestionListViewController.h */ = {isa = PBXFileReference; fileEncoding = 4; lastKnownFileType = sourcecode.c.h; path = RTTSuggestionListViewController.h; sourceTree = "<group>"; };
		84E9D1B815DA5203004A885F /* RTTSuggestionListViewController.m */ = {isa = PBXFileReference; fileEncoding = 4; lastKnownFileType = sourcecode.c.objc; path = RTTSuggestionListViewController.m; sourceTree = "<group>"; };
		84E9D1B915DA5204004A885F /* RTTSuggestionListViewController.xib */ = {isa = PBXFileReference; fileEncoding = 4; lastKnownFileType = file.xib; path = RTTSuggestionListViewController.xib; sourceTree = "<group>"; };
		84E9D1CF15DC635A004A885F /* RTTTrafficBriefViewController.h */ = {isa = PBXFileReference; fileEncoding = 4; lastKnownFileType = sourcecode.c.h; path = RTTTrafficBriefViewController.h; sourceTree = "<group>"; };
		84E9D1D015DC635B004A885F /* RTTTrafficBriefViewController.m */ = {isa = PBXFileReference; fileEncoding = 4; lastKnownFileType = sourcecode.c.objc; path = RTTTrafficBriefViewController.m; sourceTree = "<group>"; };
		84E9D1D115DC635C004A885F /* RTTTrafficBriefViewController.xib */ = {isa = PBXFileReference; fileEncoding = 4; lastKnownFileType = file.xib; path = RTTTrafficBriefViewController.xib; sourceTree = "<group>"; };
		84EC8C9915E151900048B89B /* Default.png */ = {isa = PBXFileReference; lastKnownFileType = image.png; path = Default.png; sourceTree = "<group>"; };
		84EC8C9B15E151970048B89B /* Default@2x.png */ = {isa = PBXFileReference; lastKnownFileType = image.png; path = "Default@2x.png"; sourceTree = "<group>"; };
		84EC8CA515E1542C0048B89B /* RTTIntroPageViewController.h */ = {isa = PBXFileReference; fileEncoding = 4; lastKnownFileType = sourcecode.c.h; path = RTTIntroPageViewController.h; sourceTree = "<group>"; };
		84EC8CA615E1542C0048B89B /* RTTIntroPageViewController.m */ = {isa = PBXFileReference; fileEncoding = 4; lastKnownFileType = sourcecode.c.objc; path = RTTIntroPageViewController.m; sourceTree = "<group>"; };
		84EC8CA715E1542C0048B89B /* RTTIntroPageViewController.xib */ = {isa = PBXFileReference; fileEncoding = 4; lastKnownFileType = file.xib; path = RTTIntroPageViewController.xib; sourceTree = "<group>"; };
		84EC8CAF15E1BE440048B89B /* RTTAccountViewController.h */ = {isa = PBXFileReference; fileEncoding = 4; lastKnownFileType = sourcecode.c.h; path = RTTAccountViewController.h; sourceTree = "<group>"; };
		84EC8CB015E1BE440048B89B /* RTTAccountViewController.m */ = {isa = PBXFileReference; fileEncoding = 4; lastKnownFileType = sourcecode.c.objc; path = RTTAccountViewController.m; sourceTree = "<group>"; };
		84EC8CB115E1BE450048B89B /* RTTAccountViewController.xib */ = {isa = PBXFileReference; fileEncoding = 4; lastKnownFileType = file.xib; path = RTTAccountViewController.xib; sourceTree = "<group>"; };
		84F5FB60164269DC007C5668 /* iFlyMSC.framework */ = {isa = PBXFileReference; lastKnownFileType = wrapper.framework; path = iFlyMSC.framework; sourceTree = "<group>"; };
		84F5FB61164269DC007C5668 /* JSON */ = {isa = PBXFileReference; lastKnownFileType = folder; path = JSON; sourceTree = "<group>"; };
		84F5FB671642779A007C5668 /* ButtomBarTranparant@2x.png */ = {isa = PBXFileReference; lastKnownFileType = image.png; path = "ButtomBarTranparant@2x.png"; sourceTree = "<group>"; };
		84F5FB6A164277BF007C5668 /* ButtomBarTranparant.png */ = {isa = PBXFileReference; lastKnownFileType = image.png; path = ButtomBarTranparant.png; sourceTree = "<group>"; };
		84F5FB731642A77B007C5668 /* Reachability.h */ = {isa = PBXFileReference; fileEncoding = 4; lastKnownFileType = sourcecode.c.h; name = Reachability.h; path = Reachability/Reachability.h; sourceTree = "<group>"; };
		84F5FB741642A77B007C5668 /* Reachability.m */ = {isa = PBXFileReference; fileEncoding = 4; lastKnownFileType = sourcecode.c.objc; name = Reachability.m; path = Reachability/Reachability.m; sourceTree = "<group>"; };
		84F5FB761643B693007C5668 /* GripBlue.png */ = {isa = PBXFileReference; lastKnownFileType = image.png; path = GripBlue.png; sourceTree = "<group>"; };
		84F5FB771643B693007C5668 /* GripBlue@2x.png */ = {isa = PBXFileReference; lastKnownFileType = image.png; path = "GripBlue@2x.png"; sourceTree = "<group>"; };
/* End PBXFileReference section */

/* Begin PBXFrameworksBuildPhase section */
		8437728E15C9159300F807FD /* Frameworks */ = {
			isa = PBXFrameworksBuildPhase;
			buildActionMask = 2147483647;
			files = (
				84A8CDF516117F7F00F00508 /* CFNetwork.framework in Frameworks */,
				84A8CDF316117F7500F00508 /* SystemConfiguration.framework in Frameworks */,
				84A8CDF116117F4600F00508 /* AudioToolbox.framework in Frameworks */,
				8453179015D4C965001C5F27 /* libProtocolBuffers.a in Frameworks */,
				84640D3615CA309C00F06CE9 /* QuartzCore.framework in Frameworks */,
				84640D3415CA308A00F06CE9 /* CoreLocation.framework in Frameworks */,
				8437729615C9159300F807FD /* UIKit.framework in Frameworks */,
				8437729815C9159300F807FD /* Foundation.framework in Frameworks */,
				8437729A15C9159300F807FD /* CoreGraphics.framework in Frameworks */,
				84F5FB63164269DC007C5668 /* iFlyMSC.framework in Frameworks */,
			);
			runOnlyForDeploymentPostprocessing = 0;
		};
/* End PBXFrameworksBuildPhase section */

/* Begin PBXGroup section */
		8437728615C9159300F807FD = {
			isa = PBXGroup;
			children = (
				84DBA7C0163E27CC000CA13A /* Default-568h@2x.png */,
				84A8CDF416117F7F00F00508 /* CFNetwork.framework */,
				84A8CDF216117F7500F00508 /* SystemConfiguration.framework */,
				84A8CDF016117F4600F00508 /* AudioToolbox.framework */,
				84A8CDD616117E6C00F00508 /* Xunfei */,
				84AE196615E3711D00645EA7 /* Images */,
				84E9D1AD15D9FAAF004A885F /* Location.gpx */,
				84CAD00415CFA08200C24EDB /* UIKIT */,
				84640D4A15CA52E800F06CE9 /* Communication */,
				84640D2F15CA2A3700F06CE9 /* BaiduMapApi */,
				8437729B15C9159300F807FD /* Easyway */,
				8437729415C9159300F807FD /* Frameworks */,
				8437729215C9159300F807FD /* Products */,
			);
			sourceTree = "<group>";
		};
		8437729215C9159300F807FD /* Products */ = {
			isa = PBXGroup;
			children = (
				8437729115C9159300F807FD /* Easyway95.app */,
			);
			name = Products;
			sourceTree = "<group>";
		};
		8437729415C9159300F807FD /* Frameworks */ = {
			isa = PBXGroup;
			children = (
				84640D3515CA309C00F06CE9 /* QuartzCore.framework */,
				84640D3315CA308A00F06CE9 /* CoreLocation.framework */,
				8437729515C9159300F807FD /* UIKit.framework */,
				8437729715C9159300F807FD /* Foundation.framework */,
				8437729915C9159300F807FD /* CoreGraphics.framework */,
			);
			name = Frameworks;
			sourceTree = "<group>";
		};
		8437729B15C9159300F807FD /* Easyway */ = {
			isa = PBXGroup;
			children = (
				84A8CDCF1611608100F00508 /* SpeechProgress */,
				845317CD15D6C2E1001C5F27 /* SubViewAndControler */,
				84B02A5C15D3B8970029CB1A /* DataModle */,
				84B02A5815D3B3620029CB1A /* BaiduMapExtention */,
				843772A415C9159300F807FD /* RTTAppDelegate.h */,
				843772A515C9159300F807FD /* RTTAppDelegate.m */,
				843772A715C9159300F807FD /* RTTViewController.h */,
				843772A815C9159300F807FD /* RTTViewController.mm */,
				843772AA15C9159400F807FD /* RTTViewController.xib */,
				8437729C15C9159300F807FD /* Supporting Files */,
				845317E115D8ACED001C5F27 /* RTTVCDelegate.h */,
			);
			path = Easyway;
			sourceTree = "<group>";
		};
		8437729C15C9159300F807FD /* Supporting Files */ = {
			isa = PBXGroup;
			children = (
				8437729D15C9159300F807FD /* Easyway95-Info.plist */,
				8437729E15C9159300F807FD /* InfoPlist.strings */,
				843772A115C9159300F807FD /* main.m */,
				843772A315C9159300F807FD /* Easyway95-Prefix.pch */,
			);
			name = "Supporting Files";
			sourceTree = "<group>";
		};
		8453177F15D4C8D9001C5F27 /* Products */ = {
			isa = PBXGroup;
			children = (
				8453178915D4C8DA001C5F27 /* libProtocolBuffers.a */,
				8453178B15D4C8DA001C5F27 /* UnitTests.octest */,
				8453178D15D4C8DA001C5F27 /* CommandLineTests.app */,
			);
			name = Products;
			sourceTree = "<group>";
		};
		845317CD15D6C2E1001C5F27 /* SubViewAndControler */ = {
			isa = PBXGroup;
			children = (
				84CAD01415CFA9BD00C24EDB /* RTTToolbarView.h */,
				84CAD01515CFA9BD00C24EDB /* RTTToolbarView.m */,
				84CAD01715CFABA200C24EDB /* RTTToolbarView.xib */,
				845317A415D4FDCF001C5F27 /* RTTMapPointSettingViewController.h */,
				845317A515D4FDCF001C5F27 /* RTTMapPointSettingViewController.m */,
				845317A615D4FDCF001C5F27 /* RTTMapPointSettingViewController.xib */,
				84E9D1A815D9E22B004A885F /* GuideBoard.xib */,
				84E9D1AA15D9EA52004A885F /* RTTGuideBoardView.h */,
				84E9D1AB15D9EA52004A885F /* RTTGuideBoardView.m */,
				84E9D1B715DA5203004A885F /* RTTSuggestionListViewController.h */,
				84E9D1B815DA5203004A885F /* RTTSuggestionListViewController.m */,
				84E9D1B915DA5204004A885F /* RTTSuggestionListViewController.xib */,
				84E9D1CF15DC635A004A885F /* RTTTrafficBriefViewController.h */,
				84E9D1D015DC635B004A885F /* RTTTrafficBriefViewController.m */,
				84E9D1D115DC635C004A885F /* RTTTrafficBriefViewController.xib */,
				84DBB4B615DDCB0B00AA9D08 /* RTTHomeAddrViewController.h */,
				84DBB4B715DDCB0B00AA9D08 /* RTTHomeAddrViewController.m */,
				84DBB4B815DDCB0B00AA9D08 /* RTTHomeAddrViewController.xib */,
				84D3BC6315DE9AA900F2CFBD /* RTTTrafficListViewController.h */,
				84D3BC6415DE9AA900F2CFBD /* RTTTrafficListViewController.m */,
				84D3BC6515DE9AA900F2CFBD /* RTTTrafficListViewController.xib */,
				84EC8CA515E1542C0048B89B /* RTTIntroPageViewController.h */,
				84EC8CA615E1542C0048B89B /* RTTIntroPageViewController.m */,
				84EC8CA715E1542C0048B89B /* RTTIntroPageViewController.xib */,
				84EC8CAF15E1BE440048B89B /* RTTAccountViewController.h */,
				84EC8CB015E1BE440048B89B /* RTTAccountViewController.m */,
				84EC8CB115E1BE450048B89B /* RTTAccountViewController.xib */,
				84AE192D15E2270000645EA7 /* RTTTrafficBoardView.h */,
				84AE192E15E2270000645EA7 /* RTTTrafficBoardView.m */,
				84AE193015E2273C00645EA7 /* RTTTrafficBoard.xib */,
				84AE196B15E3862E00645EA7 /* RTTModeActivityIndicatorView.h */,
				84AE196C15E3862E00645EA7 /* RTTModeActivityIndicatorView.m */,
				84AE196E15E3865F00645EA7 /* RTTModeActivityIndicator.xib */,
				841CE788163A79390002FDDA /* RTTSearchBarView.h */,
				841CE789163A793A0002FDDA /* RTTSearchBarView.m */,
				841CE786163A74080002FDDA /* RTTSearchBar.xib */,
				849C5356163BBD4300B4E2B9 /* RTTPrefSettingViewController.h */,
				849C5357163BBD4300B4E2B9 /* RTTPrefSettingViewController.m */,
				849C5358163BBD4300B4E2B9 /* RTTPrefSettingViewController.xib */,
			);
			name = SubViewAndControler;
			sourceTree = "<group>";
		};
		84640D2F15CA2A3700F06CE9 /* BaiduMapApi */ = {
			isa = PBXGroup;
			children = (
				845317A215D4F239001C5F27 /* mapapi.bundle */,
				84640D3115CA2A6500F06CE9 /* BaiduMapApi_Lib_iOS_1.2.1 */,
			);
			name = BaiduMapApi;
			sourceTree = "<group>";
		};
		84640D4A15CA52E800F06CE9 /* Communication */ = {
			isa = PBXGroup;
			children = (
				845317A015D4DA24001C5F27 /* RttGTSSCommunication.h */,
				8453179D15D4D971001C5F27 /* RttGOprRcvTSS.h */,
				8453179E15D4D971001C5F27 /* RttGOprRcvTSS.m */,
				841EF8D115D4A0F70067ED4A /* Tss.pb.h */,
				841EF8D215D4A0F70067ED4A /* Tss.pb.m */,
				846F7DCE15F6F26000BD0B12 /* RTTComm4TSS.h */,
				846F7DCF15F6F26000BD0B12 /* RTTComm4TSS.m */,
				84640D4B15CA536200F06CE9 /* ZMQ */,
				8453177E15D4C8D9001C5F27 /* ProtocolBuffers.xcodeproj */,
			);
			name = Communication;
			sourceTree = "<group>";
		};
		84A8CDCF1611608100F00508 /* SpeechProgress */ = {
			isa = PBXGroup;
			children = (
				84A8CDD01611615F00F00508 /* RTTSynthesizeTTS.h */,
				84A8CDD11611615F00F00508 /* RTTSynthesizeTTS.m */,
				84A8CDD3161164CD00F00508 /* RTTSynTTSOpr.h */,
				84A8CDD4161164CD00F00508 /* RTTSynTTSOpr.m */,
			);
			name = SpeechProgress;
			sourceTree = "<group>";
		};
		84A8CDD616117E6C00F00508 /* Xunfei */ = {
			isa = PBXGroup;
			children = (
				84F5FB731642A77B007C5668 /* Reachability.h */,
				84F5FB741642A77B007C5668 /* Reachability.m */,
				84F5FB60164269DC007C5668 /* iFlyMSC.framework */,
				84F5FB61164269DC007C5668 /* JSON */,
			);
			name = Xunfei;
			sourceTree = "<group>";
		};
		84AE196615E3711D00645EA7 /* Images */ = {
			isa = PBXGroup;
			children = (
				84AEFDC41648FF90002C82D3 /* EndPointV1.png */,
				84AEFDC51648FF90002C82D3 /* EndPointV1@2x.png */,
				84AEFDC01648FF78002C82D3 /* StartPointV1.png */,
				84AEFDC11648FF78002C82D3 /* StartPointV1@2x.png */,
				84AEFDBC1648F88D002C82D3 /* trafficBTNv4.png */,
				84AEFDBD1648F88D002C82D3 /* trafficBTNv4@2x.png */,
				84AEFDB81648F87C002C82D3 /* arrowlogov3.png */,
				84AEFDB91648F87C002C82D3 /* arrowlogov3@2x.png */,
				840524261648EA77009FBC54 /* CrossLogoV1.png */,
				840524271648EA78009FBC54 /* CrossLogoV1@2x.png */,
				84F5FB761643B693007C5668 /* GripBlue.png */,
				84F5FB771643B693007C5668 /* GripBlue@2x.png */,
				84F5FB6A164277BF007C5668 /* ButtomBarTranparant.png */,
				84F5FB671642779A007C5668 /* ButtomBarTranparant@2x.png */,
				841662EA163B78E6001CCFC9 /* closeBTN.png */,
				841662EB163B78E6001CCFC9 /* closeBTN@2x.png */,
				84CAD781163A630700BEE7F7 /* searchBTN.png */,
				84CAD782163A630700BEE7F7 /* searchBTN@2x.png */,
				847BCBC515FF0E4100D50D67 /* Staruppage.png */,
				847BCBC615FF0E4100D50D67 /* Staruppage@2x.png */,
				847BCBC115FDEC7C00D50D67 /* BegintoUse.png */,
				847BCBC215FDEC7C00D50D67 /* BegintoUse@2x.png */,
				847BCBB115FDE48400D50D67 /* Instro-1.png */,
				847BCBB215FDE48400D50D67 /* Instro-1@2x.png */,
				847BCBB315FDE48400D50D67 /* Instro-2.png */,
				847BCBB415FDE48400D50D67 /* Instro-2@2x.png */,
				847BCBB515FDE48400D50D67 /* Instro-3.png */,
				847BCBB615FDE48400D50D67 /* Instro-3@2x.png */,
				847BCBB715FDE48400D50D67 /* Instro-4.png */,
				847BCBB815FDE48400D50D67 /* Instro-4@2x.png */,
				84E7561915F5D19100A06FCF /* icon95.png */,
				84E7561A15F5D19100A06FCF /* icon95@2x.png */,
				845B1E3B15ECEEF000AD7CCE /* trafficBTNv3.png */,
				845B1E3C15ECEEF000AD7CCE /* trafficBTNv3@2x.png */,
				84D7446C15ECC12000672FF3 /* officelogo.png */,
				84D7446D15ECC12000672FF3 /* officelogo@2x.png */,
				84D7446615ECB43200672FF3 /* homelogov2.png */,
				84D7446715ECB43200672FF3 /* homelogov2@2x.png */,
				84D7445E15ECB3F200672FF3 /* accountSetting.png */,
				84D7445F15ECB3F200672FF3 /* accountSetting@2x.png */,
				84D7446A15ECB48800672FF3 /* homesettinglogo.png */,
				84D7446015ECB3F200672FF3 /* homesettinglogo@2x.png */,
				84D7447815ECE05B00672FF3 /* arrowlogov2.png */,
				84D7447915ECE05C00672FF3 /* arrowlogov2@2x.png */,
				84466BDA15EA92BD00361BBA /* AccountLogo.png */,
				84466BDB15EA92BD00361BBA /* AccountLogo@2x.png */,
				84AE196715E3716D00645EA7 /* greenlight.png */,
				84AE196815E3716D00645EA7 /* greenlight@2x.png */,
				84DBB4BB15DDF42A00AA9D08 /* homelogo.png */,
				84DBB4BC15DDF42A00AA9D08 /* homelogo@2x.png */,
				84EC8C9B15E151970048B89B /* Default@2x.png */,
				84EC8C9915E151900048B89B /* Default.png */,
			);
			name = Images;
			sourceTree = "<group>";
		};
		84B02A5815D3B3620029CB1A /* BaiduMapExtention */ = {
			isa = PBXGroup;
			children = (
				84640D4715CA354D00F06CE9 /* RTTMapView.h */,
				84640D4815CA354D00F06CE9 /* RTTMapView.mm */,
				84B02A5515D3B3580029CB1A /* RTTMapPointAnnotation.h */,
				84B02A5615D3B3580029CB1A /* RTTMapPointAnnotation.m */,
				8426DFD31640C81B00A5F5D3 /* RTTMapKit.h */,
				8426DFD41640C81B00A5F5D3 /* RTTMapKit.mm */,
			);
			name = BaiduMapExtention;
			sourceTree = "<group>";
		};
		84B02A5C15D3B8970029CB1A /* DataModle */ = {
			isa = PBXGroup;
			children = (
				84B02A6A15D3BAA00029CB1A /* RttGHistoryPathInfo.h */,
				84B02A6B15D3BAA00029CB1A /* RttGHistoryPathInfo.m */,
				84B02A6C15D3BAA00029CB1A /* RttGMapDataset.h */,
				84B02A6D15D3BAA00029CB1A /* RttGMapDataset.m */,
				84B02A6E15D3BAA00029CB1A /* RttGRoadInfo.h */,
				84B02A6F15D3BAA00029CB1A /* RttGRoadInfo.m */,
				84B02A7015D3BAA00029CB1A /* RttGRouteInfo.h */,
				84B02A7115D3BAA00029CB1A /* RttGRouteInfo.m */,
				84B02A5915D3B88F0029CB1A /* RTTRunningDataSet.h */,
				84B02A5A15D3B88F0029CB1A /* RTTRunningDataSet.m */,
				84037CD81612F00A00717FC3 /* RTTTrafficTTSPlayRecord.h */,
				84037CD91612F00A00717FC3 /* RTTTrafficTTSPlayRecord.m */,
				8426DFCA1640C12400A5F5D3 /* RTTTrafficContainer.h */,
				8426DFCB1640C12500A5F5D3 /* RTTTrafficContainer.mm */,
				8426DFCD1640C15700A5F5D3 /* RTTRouteContainer.h */,
				8426DFCE1640C15700A5F5D3 /* RTTRouteContainer.m */,
			);
			name = DataModle;
			sourceTree = "<group>";
		};
		84CAD00415CFA08200C24EDB /* UIKIT */ = {
			isa = PBXGroup;
			children = (
				84CAD00815CFA22A00C24EDB /* RNSwipeBar.h */,
				84CAD00915CFA22A00C24EDB /* RNSwipeBar.m */,
				84CAD00715CFA1FF00C24EDB /* PICS */,
				84CAD00515CFA13900C24EDB /* UIResources.bundle */,
			);
			name = UIKIT;
			sourceTree = "<group>";
		};
		84CAD00715CFA1FF00C24EDB /* PICS */ = {
			isa = PBXGroup;
			children = (
			);
			name = PICS;
			sourceTree = "<group>";
		};
/* End PBXGroup section */

/* Begin PBXNativeTarget section */
		8437729015C9159300F807FD /* Easyway95 */ = {
			isa = PBXNativeTarget;
			buildConfigurationList = 843772AF15C9159400F807FD /* Build configuration list for PBXNativeTarget "Easyway95" */;
			buildPhases = (
				8437728D15C9159300F807FD /* Sources */,
				8437728E15C9159300F807FD /* Frameworks */,
				8437728F15C9159300F807FD /* Resources */,
			);
			buildRules = (
			);
			dependencies = (
				8453178F15D4C951001C5F27 /* PBXTargetDependency */,
			);
			name = Easyway95;
			productName = Easyway;
			productReference = 8437729115C9159300F807FD /* Easyway95.app */;
			productType = "com.apple.product-type.application";
		};
/* End PBXNativeTarget section */

/* Begin PBXProject section */
		8437728815C9159300F807FD /* Project object */ = {
			isa = PBXProject;
			attributes = {
				CLASSPREFIX = RTT;
				LastUpgradeCheck = 0430;
			};
			buildConfigurationList = 8437728B15C9159300F807FD /* Build configuration list for PBXProject "Easyway95" */;
			compatibilityVersion = "Xcode 3.2";
			developmentRegion = English;
			hasScannedForEncodings = 0;
			knownRegions = (
				en,
			);
			mainGroup = 8437728615C9159300F807FD;
			productRefGroup = 8437729215C9159300F807FD /* Products */;
			projectDirPath = "";
			projectReferences = (
				{
					ProductGroup = 8453177F15D4C8D9001C5F27 /* Products */;
					ProjectRef = 8453177E15D4C8D9001C5F27 /* ProtocolBuffers.xcodeproj */;
				},
			);
			projectRoot = "";
			targets = (
				8437729015C9159300F807FD /* Easyway95 */,
			);
		};
/* End PBXProject section */

/* Begin PBXReferenceProxy section */
		8453178915D4C8DA001C5F27 /* libProtocolBuffers.a */ = {
			isa = PBXReferenceProxy;
			fileType = archive.ar;
			path = libProtocolBuffers.a;
			remoteRef = 8453178815D4C8DA001C5F27 /* PBXContainerItemProxy */;
			sourceTree = BUILT_PRODUCTS_DIR;
		};
		8453178B15D4C8DA001C5F27 /* UnitTests.octest */ = {
			isa = PBXReferenceProxy;
			fileType = wrapper.cfbundle;
			path = UnitTests.octest;
			remoteRef = 8453178A15D4C8DA001C5F27 /* PBXContainerItemProxy */;
			sourceTree = BUILT_PRODUCTS_DIR;
		};
		8453178D15D4C8DA001C5F27 /* CommandLineTests.app */ = {
			isa = PBXReferenceProxy;
			fileType = wrapper.application;
			path = CommandLineTests.app;
			remoteRef = 8453178C15D4C8DA001C5F27 /* PBXContainerItemProxy */;
			sourceTree = BUILT_PRODUCTS_DIR;
		};
/* End PBXReferenceProxy section */

/* Begin PBXResourcesBuildPhase section */
		8437728F15C9159300F807FD /* Resources */ = {
			isa = PBXResourcesBuildPhase;
			buildActionMask = 2147483647;
			files = (
				843772A015C9159300F807FD /* InfoPlist.strings in Resources */,
				843772AC15C9159400F807FD /* RTTViewController.xib in Resources */,
				84640D3215CA2A6500F06CE9 /* BaiduMapApi_Lib_iOS_1.2.1 in Resources */,
				84640D4C15CA536200F06CE9 /* ZMQ in Resources */,
				84CAD00615CFA13900C24EDB /* UIResources.bundle in Resources */,
				84CAD01815CFABA200C24EDB /* RTTToolbarView.xib in Resources */,
				845317A315D4F239001C5F27 /* mapapi.bundle in Resources */,
				845317A815D4FDCF001C5F27 /* RTTMapPointSettingViewController.xib in Resources */,
				84E9D1A915D9E22B004A885F /* GuideBoard.xib in Resources */,
				84E9D1AE15D9FAAF004A885F /* Location.gpx in Resources */,
				84E9D1BB15DA5204004A885F /* RTTSuggestionListViewController.xib in Resources */,
				84E9D1D315DC635C004A885F /* RTTTrafficBriefViewController.xib in Resources */,
				84DBB4BA15DDCB0B00AA9D08 /* RTTHomeAddrViewController.xib in Resources */,
				84DBB4BD15DDF42A00AA9D08 /* homelogo.png in Resources */,
				84DBB4BE15DDF42A00AA9D08 /* homelogo@2x.png in Resources */,
				84D3BC6715DE9AA900F2CFBD /* RTTTrafficListViewController.xib in Resources */,
				84EC8C9A15E151900048B89B /* Default.png in Resources */,
				84EC8C9C15E151970048B89B /* Default@2x.png in Resources */,
				84EC8CA915E1542C0048B89B /* RTTIntroPageViewController.xib in Resources */,
				84EC8CB315E1BE450048B89B /* RTTAccountViewController.xib in Resources */,
				84AE193115E2273C00645EA7 /* RTTTrafficBoard.xib in Resources */,
				84AE196915E3716D00645EA7 /* greenlight.png in Resources */,
				84AE196A15E3716D00645EA7 /* greenlight@2x.png in Resources */,
				84AE196F15E3866000645EA7 /* RTTModeActivityIndicator.xib in Resources */,
				84466BDC15EA92BD00361BBA /* AccountLogo.png in Resources */,
				84466BDD15EA92BD00361BBA /* AccountLogo@2x.png in Resources */,
				84D7446215ECB3F200672FF3 /* accountSetting.png in Resources */,
				84D7446315ECB3F200672FF3 /* accountSetting@2x.png in Resources */,
				84D7446415ECB3F200672FF3 /* homesettinglogo@2x.png in Resources */,
				84D7446815ECB43200672FF3 /* homelogov2.png in Resources */,
				84D7446915ECB43200672FF3 /* homelogov2@2x.png in Resources */,
				84D7446B15ECB48800672FF3 /* homesettinglogo.png in Resources */,
				84D7446E15ECC12000672FF3 /* officelogo.png in Resources */,
				84D7446F15ECC12000672FF3 /* officelogo@2x.png in Resources */,
				84D7447A15ECE05C00672FF3 /* arrowlogov2.png in Resources */,
				84D7447B15ECE05C00672FF3 /* arrowlogov2@2x.png in Resources */,
				845B1E3D15ECEEF000AD7CCE /* trafficBTNv3.png in Resources */,
				845B1E3E15ECEEF000AD7CCE /* trafficBTNv3@2x.png in Resources */,
				84E7561B15F5D19100A06FCF /* icon95.png in Resources */,
				84E7561C15F5D19100A06FCF /* icon95@2x.png in Resources */,
				847BCBB915FDE48400D50D67 /* Instro-1.png in Resources */,
				847BCBBA15FDE48400D50D67 /* Instro-1@2x.png in Resources */,
				847BCBBB15FDE48400D50D67 /* Instro-2.png in Resources */,
				847BCBBC15FDE48400D50D67 /* Instro-2@2x.png in Resources */,
				847BCBBD15FDE48400D50D67 /* Instro-3.png in Resources */,
				847BCBBE15FDE48400D50D67 /* Instro-3@2x.png in Resources */,
				847BCBBF15FDE48400D50D67 /* Instro-4.png in Resources */,
				847BCBC015FDE48400D50D67 /* Instro-4@2x.png in Resources */,
				847BCBC315FDEC7C00D50D67 /* BegintoUse.png in Resources */,
				847BCBC415FDEC7C00D50D67 /* BegintoUse@2x.png in Resources */,
				847BCBC715FF0E4100D50D67 /* Staruppage.png in Resources */,
				847BCBC815FF0E4100D50D67 /* Staruppage@2x.png in Resources */,
				84CAD783163A630700BEE7F7 /* searchBTN.png in Resources */,
				84CAD784163A630700BEE7F7 /* searchBTN@2x.png in Resources */,
				841CE787163A74090002FDDA /* RTTSearchBar.xib in Resources */,
				841662EC163B78E6001CCFC9 /* closeBTN.png in Resources */,
				841662ED163B78E6001CCFC9 /* closeBTN@2x.png in Resources */,
				849C535A163BBD4300B4E2B9 /* RTTPrefSettingViewController.xib in Resources */,
				84DBA7C1163E27CC000CA13A /* Default-568h@2x.png in Resources */,
				84F5FB64164269DC007C5668 /* JSON in Resources */,
				84F5FB691642779A007C5668 /* ButtomBarTranparant@2x.png in Resources */,
				84F5FB6B164277BF007C5668 /* ButtomBarTranparant.png in Resources */,
				84F5FB781643B693007C5668 /* GripBlue.png in Resources */,
				84F5FB791643B693007C5668 /* GripBlue@2x.png in Resources */,
				840524281648EA79009FBC54 /* CrossLogoV1.png in Resources */,
				840524291648EA79009FBC54 /* CrossLogoV1@2x.png in Resources */,
				84AEFDBA1648F87C002C82D3 /* arrowlogov3.png in Resources */,
				84AEFDBB1648F87C002C82D3 /* arrowlogov3@2x.png in Resources */,
				84AEFDBE1648F88D002C82D3 /* trafficBTNv4.png in Resources */,
				84AEFDBF1648F88D002C82D3 /* trafficBTNv4@2x.png in Resources */,
				84AEFDC21648FF78002C82D3 /* StartPointV1.png in Resources */,
				84AEFDC31648FF78002C82D3 /* StartPointV1@2x.png in Resources */,
				84AEFDC61648FF90002C82D3 /* EndPointV1.png in Resources */,
				84AEFDC71648FF90002C82D3 /* EndPointV1@2x.png in Resources */,
			);
			runOnlyForDeploymentPostprocessing = 0;
		};
/* End PBXResourcesBuildPhase section */

/* Begin PBXSourcesBuildPhase section */
		8437728D15C9159300F807FD /* Sources */ = {
			isa = PBXSourcesBuildPhase;
			buildActionMask = 2147483647;
			files = (
				843772A215C9159300F807FD /* main.m in Sources */,
				843772A615C9159300F807FD /* RTTAppDelegate.m in Sources */,
				843772A915C9159300F807FD /* RTTViewController.mm in Sources */,
				84640D4915CA354D00F06CE9 /* RTTMapView.mm in Sources */,
				84CAD00A15CFA22A00C24EDB /* RNSwipeBar.m in Sources */,
				84CAD01615CFA9BD00C24EDB /* RTTToolbarView.m in Sources */,
				84B02A5715D3B3580029CB1A /* RTTMapPointAnnotation.m in Sources */,
				84B02A5B15D3B88F0029CB1A /* RTTRunningDataSet.m in Sources */,
				84B02A7315D3BAA00029CB1A /* RttGHistoryPathInfo.m in Sources */,
				84B02A7415D3BAA00029CB1A /* RttGMapDataset.m in Sources */,
				84B02A7515D3BAA00029CB1A /* RttGRoadInfo.m in Sources */,
				84B02A7615D3BAA00029CB1A /* RttGRouteInfo.m in Sources */,
				841EF8D315D4A0F70067ED4A /* Tss.pb.m in Sources */,
				8453179F15D4D971001C5F27 /* RttGOprRcvTSS.m in Sources */,
				845317A715D4FDCF001C5F27 /* RTTMapPointSettingViewController.m in Sources */,
				84E9D1AC15D9EA52004A885F /* RTTGuideBoardView.m in Sources */,
				84E9D1BA15DA5204004A885F /* RTTSuggestionListViewController.m in Sources */,
				84E9D1D215DC635C004A885F /* RTTTrafficBriefViewController.m in Sources */,
				84DBB4B915DDCB0B00AA9D08 /* RTTHomeAddrViewController.m in Sources */,
				84D3BC6615DE9AA900F2CFBD /* RTTTrafficListViewController.m in Sources */,
				84EC8CA815E1542C0048B89B /* RTTIntroPageViewController.m in Sources */,
				84EC8CB215E1BE450048B89B /* RTTAccountViewController.m in Sources */,
				84AE192F15E2270000645EA7 /* RTTTrafficBoardView.m in Sources */,
				84AE196D15E3862E00645EA7 /* RTTModeActivityIndicatorView.m in Sources */,
				846F7DD015F6F26000BD0B12 /* RTTComm4TSS.m in Sources */,
				84A8CDD21611615F00F00508 /* RTTSynthesizeTTS.m in Sources */,
				84A8CDD5161164CD00F00508 /* RTTSynTTSOpr.m in Sources */,
				84037CDA1612F00A00717FC3 /* RTTTrafficTTSPlayRecord.m in Sources */,
				841CE78A163A793A0002FDDA /* RTTSearchBarView.m in Sources */,
				849C5359163BBD4300B4E2B9 /* RTTPrefSettingViewController.m in Sources */,
				8426DFCC1640C12500A5F5D3 /* RTTTrafficContainer.mm in Sources */,
				8426DFCF1640C15700A5F5D3 /* RTTRouteContainer.m in Sources */,
				8426DFD51640C81B00A5F5D3 /* RTTMapKit.mm in Sources */,
				84F5FB751642A77B007C5668 /* Reachability.m in Sources */,
			);
			runOnlyForDeploymentPostprocessing = 0;
		};
/* End PBXSourcesBuildPhase section */

/* Begin PBXTargetDependency section */
		8453178F15D4C951001C5F27 /* PBXTargetDependency */ = {
			isa = PBXTargetDependency;
			name = ProtocolBuffers;
			targetProxy = 8453178E15D4C951001C5F27 /* PBXContainerItemProxy */;
		};
/* End PBXTargetDependency section */

/* Begin PBXVariantGroup section */
		8437729E15C9159300F807FD /* InfoPlist.strings */ = {
			isa = PBXVariantGroup;
			children = (
				8437729F15C9159300F807FD /* en */,
			);
			name = InfoPlist.strings;
			sourceTree = "<group>";
		};
		843772AA15C9159400F807FD /* RTTViewController.xib */ = {
			isa = PBXVariantGroup;
			children = (
				843772AB15C9159400F807FD /* en */,
			);
			name = RTTViewController.xib;
			sourceTree = "<group>";
		};
/* End PBXVariantGroup section */

/* Begin XCBuildConfiguration section */
		843772AD15C9159400F807FD /* Debug */ = {
			isa = XCBuildConfiguration;
			buildSettings = {
				ALWAYS_SEARCH_USER_PATHS = NO;
				ARCHS = "$(ARCHS_STANDARD_32_BIT)";
				CLANG_ENABLE_OBJC_ARC = YES;
				"CODE_SIGN_IDENTITY[sdk=iphoneos*]" = "iPhone Developer";
				COPY_PHASE_STRIP = NO;
				GCC_C_LANGUAGE_STANDARD = gnu99;
				GCC_DYNAMIC_NO_PIC = NO;
				GCC_OPTIMIZATION_LEVEL = 0;
				GCC_PREPROCESSOR_DEFINITIONS = (
					"DEBUG=1",
					"$(inherited)",
				);
				GCC_SYMBOLS_PRIVATE_EXTERN = NO;
				GCC_VERSION = com.apple.compilers.llvm.clang.1_0;
				GCC_WARN_ABOUT_RETURN_TYPE = YES;
				GCC_WARN_UNINITIALIZED_AUTOS = YES;
				GCC_WARN_UNUSED_VARIABLE = YES;
				IPHONEOS_DEPLOYMENT_TARGET = 4.3;
				SDKROOT = iphoneos;
			};
			name = Debug;
		};
		843772AE15C9159400F807FD /* Release */ = {
			isa = XCBuildConfiguration;
			buildSettings = {
				ALWAYS_SEARCH_USER_PATHS = NO;
				ARCHS = "$(ARCHS_STANDARD_32_BIT)";
				CLANG_ENABLE_OBJC_ARC = YES;
				"CODE_SIGN_IDENTITY[sdk=iphoneos*]" = "iPhone Developer";
				COPY_PHASE_STRIP = YES;
				GCC_C_LANGUAGE_STANDARD = gnu99;
				GCC_VERSION = com.apple.compilers.llvm.clang.1_0;
				GCC_WARN_ABOUT_RETURN_TYPE = YES;
				GCC_WARN_UNINITIALIZED_AUTOS = YES;
				GCC_WARN_UNUSED_VARIABLE = YES;
				IPHONEOS_DEPLOYMENT_TARGET = 4.3;
				OTHER_CFLAGS = "-DNS_BLOCK_ASSERTIONS=1";
				SDKROOT = iphoneos;
				VALIDATE_PRODUCT = YES;
			};
			name = Release;
		};
		843772B015C9159400F807FD /* Debug */ = {
			isa = XCBuildConfiguration;
			buildSettings = {
				CODE_SIGN_IDENTITY = "iPhone Developer: Songhai Ye (8LYV6E3ELF)";
				FRAMEWORK_SEARCH_PATHS = (
					"$(inherited)",
					"\"$(SRCROOT)\"",
				);
				GCC_INPUT_FILETYPE = automatic;
				GCC_PRECOMPILE_PREFIX_HEADER = YES;
				GCC_PREFIX_HEADER = "Easyway/Easyway95-Prefix.pch";
				GCC_PREPROCESSOR_DEFINITIONS = (
					"DEBUG=1",
					"$(inherited)",
				);
				GCC_PREPROCESSOR_DEFINITIONS_NOT_USED_IN_PRECOMPS = "HUAWEIVER=1";
				HEADER_SEARCH_PATHS = (
					"$(SRCROOT)/BaiduMapApi_Lib_iOS_1.2.1/inc",
					"$(SRCROOT)/ProtocolBuffLib/Classes000",
					"$(SRCROOT)/ZMQ",
					"${SRCROOT}/Reachability",
					"${SRCROOT}/JSON",
				);
				INFOPLIST_FILE = "Easyway/Easyway95-Info.plist";
				IPHONEOS_DEPLOYMENT_TARGET = 4.3;
				LIBRARY_SEARCH_PATHS = (
					"$(SRCROOT)/BaiduMapApi_Lib_iOS_1.2.1/libs/Release$(EFFECTIVE_PLATFORM_NAME)",
					"\"$(SRCROOT)/ZMQ/libs/ZMQ-$(CONFIGURATION)$(EFFECTIVE_PLATFORM_NAME)\"",
				);
				OTHER_LDFLAGS = (
					"-lbaidumapapi",
					"-lzmq",
					"-lzmqobjc",
				);
				PRODUCT_NAME = Easyway95;
				PROVISIONING_PROFILE = "189D19E7-DFE7-4D38-A6A0-E6AE5F0B6FB9";
				USER_HEADER_SEARCH_PATHS = "$(SRCROOT)/BaiduMapApi_Lib_iOS_1.2.1/inc $(SRCROOT)/ProtocolBuffLib/Classes $(SRCROOT)/ZMQ";
				VALID_ARCHS = "armv6 armv7";
				WRAPPER_EXTENSION = app;
			};
			name = Debug;
		};
		843772B115C9159400F807FD /* Release */ = {
			isa = XCBuildConfiguration;
			buildSettings = {
				CODE_SIGN_IDENTITY = "iPhone Developer: Songhai Ye (8LYV6E3ELF)";
				FRAMEWORK_SEARCH_PATHS = (
					"$(inherited)",
					"\"$(SRCROOT)\"",
				);
				GCC_INPUT_FILETYPE = automatic;
				GCC_PRECOMPILE_PREFIX_HEADER = YES;
				GCC_PREFIX_HEADER = "Easyway/Easyway95-Prefix.pch";
				GCC_PREPROCESSOR_DEFINITIONS_NOT_USED_IN_PRECOMPS = "HUAWEIVER=1";
				HEADER_SEARCH_PATHS = (
					"$(SRCROOT)/BaiduMapApi_Lib_iOS_1.2.1/inc",
					"$(SRCROOT)/ProtocolBuffLib/Classes000",
					"$(SRCROOT)/ZMQ",
					"${SRCROOT}/Reachability",
					"${SRCROOT}/JSON",
				);
				INFOPLIST_FILE = "Easyway/Easyway95-Info.plist";
				IPHONEOS_DEPLOYMENT_TARGET = 4.3;
				LIBRARY_SEARCH_PATHS = (
					"$(SRCROOT)/BaiduMapApi_Lib_iOS_1.2.1/libs/Release$(EFFECTIVE_PLATFORM_NAME)",
					"\"$(SRCROOT)/ZMQ/libs/ZMQ-$(CONFIGURATION)$(EFFECTIVE_PLATFORM_NAME)\"",
				);
				OTHER_LDFLAGS = (
					"-lbaidumapapi",
					"-lzmq",
					"-lzmqobjc",
				);
				PRODUCT_NAME = Easyway95;
				PROVISIONING_PROFILE = "189D19E7-DFE7-4D38-A6A0-E6AE5F0B6FB9";
				USER_HEADER_SEARCH_PATHS = "$(SRCROOT)/BaiduMapApi_Lib_iOS_1.2.1/inc $(SRCROOT)/ProtocolBuffLib/Classes $(SRCROOT)/ZMQ";
				VALID_ARCHS = "armv6 armv7";
				WRAPPER_EXTENSION = app;
			};
			name = Release;
		};
/* End XCBuildConfiguration section */

/* Begin XCConfigurationList section */
		8437728B15C9159300F807FD /* Build configuration list for PBXProject "Easyway95" */ = {
			isa = XCConfigurationList;
			buildConfigurations = (
				843772AD15C9159400F807FD /* Debug */,
				843772AE15C9159400F807FD /* Release */,
			);
			defaultConfigurationIsVisible = 0;
			defaultConfigurationName = Release;
		};
		843772AF15C9159400F807FD /* Build configuration list for PBXNativeTarget "Easyway95" */ = {
			isa = XCConfigurationList;
			buildConfigurations = (
				843772B015C9159400F807FD /* Debug */,
				843772B115C9159400F807FD /* Release */,
			);
			defaultConfigurationIsVisible = 0;
			defaultConfigurationName = Release;
		};
/* End XCConfigurationList section */
	};
	rootObject = 8437728815C9159300F807FD /* Project object */;
}
